// !$*UTF8*$!
{
	archiveVersion = 1;
	classes = {
	};
	objectVersion = 60;
	objects = {

/* Begin PBXBuildFile section */
		A1CB8C6F2B52788600316DD4 /* OnboardingViewController.swift in Sources */ = {isa = PBXBuildFile; fileRef = A1CB8C6D2B52788600316DD4 /* OnboardingViewController.swift */; };
		A1CB8C702B52788600316DD4 /* OnboardingViewController.xib in Resources */ = {isa = PBXBuildFile; fileRef = A1CB8C6E2B52788600316DD4 /* OnboardingViewController.xib */; };
		A1CB8C792B528A4C00316DD4 /* OnboardingData.json in Resources */ = {isa = PBXBuildFile; fileRef = A1CB8C782B528A4C00316DD4 /* OnboardingData.json */; };
		A1CB8C7C2B5294AA00316DD4 /* UICollectionVeiw+Extension.swift in Sources */ = {isa = PBXBuildFile; fileRef = A1CB8C7B2B5294AA00316DD4 /* UICollectionVeiw+Extension.swift */; };
		A1CB8C852B53DA6000316DD4 /* SplashViewController.xib in Resources */ = {isa = PBXBuildFile; fileRef = A1CB8C832B53DA6000316DD4 /* SplashViewController.xib */; };
		A1CB8C8A2B540FCF00316DD4 /* LaunchViewController.xib in Resources */ = {isa = PBXBuildFile; fileRef = A1CB8C882B540FCF00316DD4 /* LaunchViewController.xib */; };
		D62759FF2B67DC7A0069CF9C /* CartTheme2CollectionViewController.swift in Sources */ = {isa = PBXBuildFile; fileRef = D62759FE2B67DC7A0069CF9C /* CartTheme2CollectionViewController.swift */; };
		D6275A062B67E5770069CF9C /* Cart2Model.swift in Sources */ = {isa = PBXBuildFile; fileRef = D6275A052B67E5770069CF9C /* Cart2Model.swift */; };
		D62BD3C62B6D93DD000CF78A /* PromoCodeCollectionViewCell.swift in Sources */ = {isa = PBXBuildFile; fileRef = D62BD3C32B6D93DD000CF78A /* PromoCodeCollectionViewCell.swift */; };
		D62BD3C72B6D93DD000CF78A /* PromoCodeCollectionViewCell.xib in Resources */ = {isa = PBXBuildFile; fileRef = D62BD3C42B6D93DD000CF78A /* PromoCodeCollectionViewCell.xib */; };
		D62BD3C82B6D93DD000CF78A /* CartPromoCodeSection.swift in Sources */ = {isa = PBXBuildFile; fileRef = D62BD3C52B6D93DD000CF78A /* CartPromoCodeSection.swift */; };
		D62BD3CD2B6D9430000CF78A /* CartCheckOutSection.swift in Sources */ = {isa = PBXBuildFile; fileRef = D62BD3CA2B6D9430000CF78A /* CartCheckOutSection.swift */; };
		D62BD3CE2B6D9430000CF78A /* CheckOutCollectionViewCell.swift in Sources */ = {isa = PBXBuildFile; fileRef = D62BD3CB2B6D9430000CF78A /* CheckOutCollectionViewCell.swift */; };
		D62BD3CF2B6D9430000CF78A /* CheckOutCollectionViewCell.xib in Resources */ = {isa = PBXBuildFile; fileRef = D62BD3CC2B6D9430000CF78A /* CheckOutCollectionViewCell.xib */; };
		D62BD3D32B6D944C000CF78A /* CartProductCollectionViewCell.xib in Resources */ = {isa = PBXBuildFile; fileRef = D62BD3D02B6D944C000CF78A /* CartProductCollectionViewCell.xib */; };
		D62BD3D42B6D944C000CF78A /* CartProductCollectionViewCell.swift in Sources */ = {isa = PBXBuildFile; fileRef = D62BD3D12B6D944C000CF78A /* CartProductCollectionViewCell.swift */; };
		D62BD3D52B6D944C000CF78A /* CartProductsSection.swift in Sources */ = {isa = PBXBuildFile; fileRef = D62BD3D22B6D944C000CF78A /* CartProductsSection.swift */; };
		D62BD3DB2B6D9487000CF78A /* CartTheme2CollectionViewCell.swift in Sources */ = {isa = PBXBuildFile; fileRef = D62BD3D92B6D9487000CF78A /* CartTheme2CollectionViewCell.swift */; };
		D62BD3DC2B6D9487000CF78A /* CartTheme2CollectionViewCell.xib in Resources */ = {isa = PBXBuildFile; fileRef = D62BD3DA2B6D9487000CF78A /* CartTheme2CollectionViewCell.xib */; };
		D62BD3DE2B6D94DB000CF78A /* SectionsLayout.swift in Sources */ = {isa = PBXBuildFile; fileRef = D62BD3DD2B6D94DB000CF78A /* SectionsLayout.swift */; };
		D62BD3E02B6E7364000CF78A /* Cart2ProductsSection.swift in Sources */ = {isa = PBXBuildFile; fileRef = D62BD3DF2B6E7364000CF78A /* Cart2ProductsSection.swift */; };
		D62BD3EF2B6FEC0B000CF78A /* ProfileModel.swift in Sources */ = {isa = PBXBuildFile; fileRef = D62BD3EE2B6FEC0B000CF78A /* ProfileModel.swift */; };
		D62BD4082B73AC61000CF78A /* UserCollectionViewCell.swift in Sources */ = {isa = PBXBuildFile; fileRef = D62BD4062B73AC61000CF78A /* UserCollectionViewCell.swift */; };
		D62BD4092B73AC61000CF78A /* UserCollectionViewCell.xib in Resources */ = {isa = PBXBuildFile; fileRef = D62BD4072B73AC61000CF78A /* UserCollectionViewCell.xib */; };
		D62BD40C2B73AEE9000CF78A /* ProfileCollectionViewCell.swift in Sources */ = {isa = PBXBuildFile; fileRef = D62BD40A2B73AEE9000CF78A /* ProfileCollectionViewCell.swift */; };
		D62BD40D2B73AEE9000CF78A /* ProfileCollectionViewCell.xib in Resources */ = {isa = PBXBuildFile; fileRef = D62BD40B2B73AEE9000CF78A /* ProfileCollectionViewCell.xib */; };
		D62BD40F2B73B250000CF78A /* ProfileCollectionViewController.swift in Sources */ = {isa = PBXBuildFile; fileRef = D62BD40E2B73B250000CF78A /* ProfileCollectionViewController.swift */; };
		D62F1C1F2B616EFA00FBE349 /* ProductDetailsViewController.swift in Sources */ = {isa = PBXBuildFile; fileRef = D62F1C1D2B616EFA00FBE349 /* ProductDetailsViewController.swift */; };
		D62F1C202B616EFA00FBE349 /* ProductDetailsViewController.xib in Resources */ = {isa = PBXBuildFile; fileRef = D62F1C1E2B616EFA00FBE349 /* ProductDetailsViewController.xib */; };
		D62F1C362B61851900FBE349 /* SizeCollectionViewCell.swift in Sources */ = {isa = PBXBuildFile; fileRef = D62F1C342B61851900FBE349 /* SizeCollectionViewCell.swift */; };
		D62F1C372B61851900FBE349 /* ColorViewButton.swift in Sources */ = {isa = PBXBuildFile; fileRef = D62F1C352B61851900FBE349 /* ColorViewButton.swift */; };
		D62F1C3E2B61854500FBE349 /* SizeView.swift in Sources */ = {isa = PBXBuildFile; fileRef = D62F1C3C2B61854500FBE349 /* SizeView.swift */; };
		D62F1C3F2B61854500FBE349 /* ColorView.swift in Sources */ = {isa = PBXBuildFile; fileRef = D62F1C3D2B61854500FBE349 /* ColorView.swift */; };
		D62F1C412B61E80600FBE349 /* ProductReviewView.swift in Sources */ = {isa = PBXBuildFile; fileRef = D62F1C402B61E80600FBE349 /* ProductReviewView.swift */; };
		D62F1C432B61E81500FBE349 /* ProductReviewView.xib in Resources */ = {isa = PBXBuildFile; fileRef = D62F1C422B61E81500FBE349 /* ProductReviewView.xib */; };
		D62F1C452B61EFE800FBE349 /* Product.swift in Sources */ = {isa = PBXBuildFile; fileRef = D62F1C442B61EFE800FBE349 /* Product.swift */; };
		D62F1C592B64033E00FBE349 /* StapperView.swift in Sources */ = {isa = PBXBuildFile; fileRef = D62F1C582B64033E00FBE349 /* StapperView.swift */; };
		D62F1C5B2B64034A00FBE349 /* StapperView.xib in Resources */ = {isa = PBXBuildFile; fileRef = D62F1C5A2B64034A00FBE349 /* StapperView.xib */; };
		D62F1C612B64292300FBE349 /* SizeCollectionView.swift in Sources */ = {isa = PBXBuildFile; fileRef = D62F1C602B64292300FBE349 /* SizeCollectionView.swift */; };
		D62F1C692B653E3000FBE349 /* CartViewController.swift in Sources */ = {isa = PBXBuildFile; fileRef = D62F1C672B653E3000FBE349 /* CartViewController.swift */; };
		D62F1C712B65411100FBE349 /* CartModel.swift in Sources */ = {isa = PBXBuildFile; fileRef = D62F1C702B65411100FBE349 /* CartModel.swift */; };
		D6E9AB4F2B73E21000BEA301 /* UserSection.swift in Sources */ = {isa = PBXBuildFile; fileRef = D6E9AB4E2B73E21000BEA301 /* UserSection.swift */; };
		D6E9AB512B73E3EE00BEA301 /* ProfileSection.swift in Sources */ = {isa = PBXBuildFile; fileRef = D6E9AB502B73E3EE00BEA301 /* ProfileSection.swift */; };
		D6E9AB542B73EE8100BEA301 /* SectionDecorationView.swift in Sources */ = {isa = PBXBuildFile; fileRef = D6E9AB532B73EE8100BEA301 /* SectionDecorationView.swift */; };
		EE08DB0A2B68596700A358D9 /* +hexString.swift in Sources */ = {isa = PBXBuildFile; fileRef = EE08DB092B68596700A358D9 /* +hexString.swift */; };
		EE32E28C2B45B1D100675EAE /* AppDelegate.swift in Sources */ = {isa = PBXBuildFile; fileRef = EE32E28B2B45B1D100675EAE /* AppDelegate.swift */; };
		EE32E28E2B45B1D100675EAE /* SceneDelegate.swift in Sources */ = {isa = PBXBuildFile; fileRef = EE32E28D2B45B1D100675EAE /* SceneDelegate.swift */; };
		EE32E2952B45B1D200675EAE /* Assets.xcassets in Resources */ = {isa = PBXBuildFile; fileRef = EE32E2942B45B1D200675EAE /* Assets.xcassets */; };
		EE32E2982B45B1D200675EAE /* LaunchScreen.storyboard in Resources */ = {isa = PBXBuildFile; fileRef = EE32E2962B45B1D200675EAE /* LaunchScreen.storyboard */; };
		EE32E2C42B45B3D700675EAE /* Localizable.strings in Resources */ = {isa = PBXBuildFile; fileRef = EE32E2C62B45B3D700675EAE /* Localizable.strings */; };
		EE32E2CA2B45B41600675EAE /* swiftgen.yml in Resources */ = {isa = PBXBuildFile; fileRef = EE32E2C82B45B41600675EAE /* swiftgen.yml */; };
		EE32E2CB2B45B41600675EAE /* .swiftlint.yml in Resources */ = {isa = PBXBuildFile; fileRef = EE32E2C92B45B41600675EAE /* .swiftlint.yml */; };
		EE32E2CF2B45B56700675EAE /* Fonts.swift in Sources */ = {isa = PBXBuildFile; fileRef = EE32E2CE2B45B56700675EAE /* Fonts.swift */; };
		EE32E2D92B45B7E600675EAE /* Strings+Generated.swift in Sources */ = {isa = PBXBuildFile; fileRef = EE32E2D82B45B7E600675EAE /* Strings+Generated.swift */; };
		EE58F5D62B5ECF5C0068B93F /* +topMostViewController.swift in Sources */ = {isa = PBXBuildFile; fileRef = EEA6F9A82B58668500A9E0C2 /* +topMostViewController.swift */; };
		EE58F5D72B5ECF7F0068B93F /* parentViewController.swift in Sources */ = {isa = PBXBuildFile; fileRef = EEA6F9A52B58667500A9E0C2 /* parentViewController.swift */; };
		EE58F5D82B5ECF850068B93F /* +JSONDecoder.swift in Sources */ = {isa = PBXBuildFile; fileRef = EEA6F9DC2B58750A00A9E0C2 /* +JSONDecoder.swift */; };
		EE58F5D92B5ECF910068B93F /* EMTextField.swift in Sources */ = {isa = PBXBuildFile; fileRef = EEA6F9D22B58680D00A9E0C2 /* EMTextField.swift */; };
		EE58F5DA2B5ECF9D0068B93F /* EcoMarketButton.swift in Sources */ = {isa = PBXBuildFile; fileRef = EEA6F9C42B5867E100A9E0C2 /* EcoMarketButton.swift */; };
		EE58F5DB2B5ECFA30068B93F /* GoogleButton.swift in Sources */ = {isa = PBXBuildFile; fileRef = EEA6F9C62B5867E100A9E0C2 /* GoogleButton.swift */; };
		EE58F5DC2B5ECFA80068B93F /* PrimaryButton.swift in Sources */ = {isa = PBXBuildFile; fileRef = EEA6F9C82B5867E100A9E0C2 /* PrimaryButton.swift */; };
		EE58F5DD2B5ECFAB0068B93F /* SocialMediaButton.swift in Sources */ = {isa = PBXBuildFile; fileRef = EEA6F9C32B5867E000A9E0C2 /* SocialMediaButton.swift */; };
		EE58F5DE2B5ECFC10068B93F /* AppColor.swift in Sources */ = {isa = PBXBuildFile; fileRef = EEA6F9D82B58685100A9E0C2 /* AppColor.swift */; };
		EE58F5DF2B5ECFC50068B93F /* AppImage.swift in Sources */ = {isa = PBXBuildFile; fileRef = EEA6F9D72B58685100A9E0C2 /* AppImage.swift */; };
		EE58F5E12B5ED0100068B93F /* OnboardingTests.swift in Sources */ = {isa = PBXBuildFile; fileRef = EE58F5E02B5ED0100068B93F /* OnboardingTests.swift */; };
		EE58F5E22B5ED01F0068B93F /* FlexiblePageControl.swift in Sources */ = {isa = PBXBuildFile; fileRef = A1CB8C7F2B53100100316DD4 /* FlexiblePageControl.swift */; };
		EE58F5E32B5ED0440068B93F /* OnboardingViewModel.swift in Sources */ = {isa = PBXBuildFile; fileRef = A1CB8C762B5289FD00316DD4 /* OnboardingViewModel.swift */; };
		EE58F5E42B5ED04F0068B93F /* OnboardingCollectionViewCell.swift in Sources */ = {isa = PBXBuildFile; fileRef = EEA6F9BA2B5867A800A9E0C2 /* OnboardingCollectionViewCell.swift */; };
		EE58F5E52B5ED05B0068B93F /* SplashViewController.swift in Sources */ = {isa = PBXBuildFile; fileRef = A1CB8C822B53DA6000316DD4 /* SplashViewController.swift */; };
		EE58F5E62B5ED0710068B93F /* LaunchViewController.swift in Sources */ = {isa = PBXBuildFile; fileRef = A1CB8C872B540FCF00316DD4 /* LaunchViewController.swift */; };
		EE58F5E72B5ED0800068B93F /* SignupViewController.swift in Sources */ = {isa = PBXBuildFile; fileRef = EEA6F9AE2B58670500A9E0C2 /* SignupViewController.swift */; };
		EE58F5E82B5ED0860068B93F /* SuccessViewController.swift in Sources */ = {isa = PBXBuildFile; fileRef = EEA6F9B32B58671200A9E0C2 /* SuccessViewController.swift */; };
		EE58F5EA2B5ED0F20068B93F /* OnboardingModel.swift in Sources */ = {isa = PBXBuildFile; fileRef = EE58F5E92B5ED0F20068B93F /* OnboardingModel.swift */; };
		EE5CA1332B5EF9BF00630C5D /* CategoryTableViewCell.swift in Sources */ = {isa = PBXBuildFile; fileRef = EE5CA12E2B5EF9BF00630C5D /* CategoryTableViewCell.swift */; };
		EE5CA1342B5EF9BF00630C5D /* CategoryTableViewCell.xib in Resources */ = {isa = PBXBuildFile; fileRef = EE5CA12F2B5EF9BF00630C5D /* CategoryTableViewCell.xib */; };
		EE5CA1352B5EF9BF00630C5D /* CategoryViewController1.swift in Sources */ = {isa = PBXBuildFile; fileRef = EE5CA1302B5EF9BF00630C5D /* CategoryViewController1.swift */; };
		EE5CA1362B5EF9BF00630C5D /* CategoryViewModel.swift in Sources */ = {isa = PBXBuildFile; fileRef = EE5CA1312B5EF9BF00630C5D /* CategoryViewModel.swift */; };
		EE5CA1372B5EF9BF00630C5D /* CategoryModel.swift in Sources */ = {isa = PBXBuildFile; fileRef = EE5CA1322B5EF9BF00630C5D /* CategoryModel.swift */; };
		EE5CA13D2B5EF9CC00630C5D /* CategoryCollectionViewCell.swift in Sources */ = {isa = PBXBuildFile; fileRef = EE5CA1382B5EF9CC00630C5D /* CategoryCollectionViewCell.swift */; };
		EE5CA13E2B5EF9CC00630C5D /* Category2ViewModel.swift in Sources */ = {isa = PBXBuildFile; fileRef = EE5CA1392B5EF9CC00630C5D /* Category2ViewModel.swift */; };
		EE5CA13F2B5EF9CC00630C5D /* CategoryViewController2.xib in Resources */ = {isa = PBXBuildFile; fileRef = EE5CA13A2B5EF9CC00630C5D /* CategoryViewController2.xib */; };
		EE5CA1402B5EF9CC00630C5D /* CategoryViewController2.swift in Sources */ = {isa = PBXBuildFile; fileRef = EE5CA13B2B5EF9CC00630C5D /* CategoryViewController2.swift */; };
		EE5CA1412B5EF9CC00630C5D /* CategoryCollectionViewCell.xib in Resources */ = {isa = PBXBuildFile; fileRef = EE5CA13C2B5EF9CC00630C5D /* CategoryCollectionViewCell.xib */; };
		EE5CA1472B5EF9D500630C5D /* Category3ViewModel.swift in Sources */ = {isa = PBXBuildFile; fileRef = EE5CA1422B5EF9D500630C5D /* Category3ViewModel.swift */; };
		EE5CA1482B5EF9D500630C5D /* CategoryViewController3.xib in Resources */ = {isa = PBXBuildFile; fileRef = EE5CA1432B5EF9D500630C5D /* CategoryViewController3.xib */; };
		EE5CA1492B5EF9D500630C5D /* CategoryViewController3.swift in Sources */ = {isa = PBXBuildFile; fileRef = EE5CA1442B5EF9D500630C5D /* CategoryViewController3.swift */; };
		EE5CA14A2B5EF9D500630C5D /* CategoryCollectionViewCell3.xib in Resources */ = {isa = PBXBuildFile; fileRef = EE5CA1452B5EF9D500630C5D /* CategoryCollectionViewCell3.xib */; };
		EE5CA14B2B5EF9D500630C5D /* CategoryCollectionViewCell3.swift in Sources */ = {isa = PBXBuildFile; fileRef = EE5CA1462B5EF9D500630C5D /* CategoryCollectionViewCell3.swift */; };
		EE5CA14E2B5EFB0500630C5D /* UITableView+Extension.swift in Sources */ = {isa = PBXBuildFile; fileRef = EE5CA14D2B5EFB0500630C5D /* UITableView+Extension.swift */; };
		EE5CA1552B5F033100630C5D /* SearchView.swift in Sources */ = {isa = PBXBuildFile; fileRef = EE5CA1542B5F033100630C5D /* SearchView.swift */; };
		EE5CA1582B5F04FD00630C5D /* SearchView.xib in Resources */ = {isa = PBXBuildFile; fileRef = EE5CA1562B5F033300630C5D /* SearchView.xib */; };
		EE5D818F2B641B3E00222466 /* drawOnboardingShape.swift in Sources */ = {isa = PBXBuildFile; fileRef = EE5D818E2B641B3E00222466 /* drawOnboardingShape.swift */; };
		EE64D7972B5AB94900C5CBD7 /* EMTabBarViewController.swift in Sources */ = {isa = PBXBuildFile; fileRef = EE64D7962B5AB94900C5CBD7 /* EMTabBarViewController.swift */; };
		EE64D7992B5AB9CE00C5CBD7 /* EMTabBarItem.swift in Sources */ = {isa = PBXBuildFile; fileRef = EE64D7982B5AB9CE00C5CBD7 /* EMTabBarItem.swift */; };
		EE64D79B2B5ABA0900C5CBD7 /* EMTabBar.swift in Sources */ = {isa = PBXBuildFile; fileRef = EE64D79A2B5ABA0900C5CBD7 /* EMTabBar.swift */; };
		EE64D79D2B5ABA2B00C5CBD7 /* EMTabBarType.swift in Sources */ = {isa = PBXBuildFile; fileRef = EE64D79C2B5ABA2B00C5CBD7 /* EMTabBarType.swift */; };
		EE64D79F2B5ABA5400C5CBD7 /* EMTabBarViewModel.swift in Sources */ = {isa = PBXBuildFile; fileRef = EE64D79E2B5ABA5400C5CBD7 /* EMTabBarViewModel.swift */; };
		EE95CEC12B4E9D9200BC5524 /* AppRouter.swift in Sources */ = {isa = PBXBuildFile; fileRef = EE95CEBD2B4E9D9200BC5524 /* AppRouter.swift */; };
		EE95CEC22B4E9D9200BC5524 /* Router.swift in Sources */ = {isa = PBXBuildFile; fileRef = EE95CEBE2B4E9D9200BC5524 /* Router.swift */; };
		EE95CEC32B4E9D9200BC5524 /* NavigationRouter.swift in Sources */ = {isa = PBXBuildFile; fileRef = EE95CEBF2B4E9D9200BC5524 /* NavigationRouter.swift */; };
		EE95CEC42B4E9D9200BC5524 /* ModalRouter.swift in Sources */ = {isa = PBXBuildFile; fileRef = EE95CEC02B4E9D9200BC5524 /* ModalRouter.swift */; };
		EE95CEC72B4E9E1600BC5524 /* Logger.swift in Sources */ = {isa = PBXBuildFile; fileRef = EE95CEC62B4E9E1600BC5524 /* Logger.swift */; };
		EEA62F542B66D99F00771D99 /* maskCustomProductShape.swift in Sources */ = {isa = PBXBuildFile; fileRef = EEA62F532B66D99F00771D99 /* maskCustomProductShape.swift */; };
		EEA6F9992B5865BA00A9E0C2 /* MakeConstraints in Frameworks */ = {isa = PBXBuildFile; productRef = EE11B1FA2B570EAF0077F5AA /* MakeConstraints */; };
		EEA6F9A32B58665B00A9E0C2 /* mainWindow.swift in Sources */ = {isa = PBXBuildFile; fileRef = EEA6F9A22B58665B00A9E0C2 /* mainWindow.swift */; };
		EEA6F9AC2B5866F100A9E0C2 /* LoginViewController.xib in Resources */ = {isa = PBXBuildFile; fileRef = EEA6F9AA2B5866F100A9E0C2 /* LoginViewController.xib */; };
		EEA6F9AD2B5866F100A9E0C2 /* LoginViewController.swift in Sources */ = {isa = PBXBuildFile; fileRef = EEA6F9AB2B5866F100A9E0C2 /* LoginViewController.swift */; };
		EEA6F9B12B58670500A9E0C2 /* SignupViewController.xib in Resources */ = {isa = PBXBuildFile; fileRef = EEA6F9AF2B58670500A9E0C2 /* SignupViewController.xib */; };
		EEA6F9B42B58671200A9E0C2 /* SuccessViewController.xib in Resources */ = {isa = PBXBuildFile; fileRef = EEA6F9B22B58671200A9E0C2 /* SuccessViewController.xib */; };
		EEA6F9BD2B5867A800A9E0C2 /* OnboardingCollectionViewCell.xib in Resources */ = {isa = PBXBuildFile; fileRef = EEA6F9BB2B5867A800A9E0C2 /* OnboardingCollectionViewCell.xib */; };
		EEA6F9CB2B5867E100A9E0C2 /* AppleButton.swift in Sources */ = {isa = PBXBuildFile; fileRef = EEA6F9C52B5867E100A9E0C2 /* AppleButton.swift */; };
		EEA6F9CD2B5867E100A9E0C2 /* FacebookButton.swift in Sources */ = {isa = PBXBuildFile; fileRef = EEA6F9C72B5867E100A9E0C2 /* FacebookButton.swift */; };
		EEA6F9D32B58680D00A9E0C2 /* EMTextField.xib in Resources */ = {isa = PBXBuildFile; fileRef = EEA6F9D12B58680D00A9E0C2 /* EMTextField.xib */; };
		EEA6F9D62B58683F00A9E0C2 /* Colors.xcassets in Resources */ = {isa = PBXBuildFile; fileRef = EEA6F9D52B58683F00A9E0C2 /* Colors.xcassets */; };
		EEF069B22B5ED20D0063EE80 /* Poppins-Regular.ttf in Resources */ = {isa = PBXBuildFile; fileRef = EEF069AE2B5ED20D0063EE80 /* Poppins-Regular.ttf */; };
		EEF069B32B5ED20D0063EE80 /* Poppins-Medium.ttf in Resources */ = {isa = PBXBuildFile; fileRef = EEF069AF2B5ED20D0063EE80 /* Poppins-Medium.ttf */; };
		EEF069B42B5ED20D0063EE80 /* Poppins-SemiBold.ttf in Resources */ = {isa = PBXBuildFile; fileRef = EEF069B02B5ED20D0063EE80 /* Poppins-SemiBold.ttf */; };
		EEF069B52B5ED20D0063EE80 /* Poppins-Bold.ttf in Resources */ = {isa = PBXBuildFile; fileRef = EEF069B12B5ED20D0063EE80 /* Poppins-Bold.ttf */; };
/* End PBXBuildFile section */

/* Begin PBXContainerItemProxy section */
		EE8925642B5AE1FE0025C166 /* PBXContainerItemProxy */ = {
			isa = PBXContainerItemProxy;
			containerPortal = EE32E2802B45B1D100675EAE /* Project object */;
			proxyType = 1;
			remoteGlobalIDString = EE32E2872B45B1D100675EAE;
			remoteInfo = EcoMarket;
		};
/* End PBXContainerItemProxy section */

/* Begin PBXFileReference section */
		A1CB8C6D2B52788600316DD4 /* OnboardingViewController.swift */ = {isa = PBXFileReference; lastKnownFileType = sourcecode.swift; path = OnboardingViewController.swift; sourceTree = "<group>"; };
		A1CB8C6E2B52788600316DD4 /* OnboardingViewController.xib */ = {isa = PBXFileReference; lastKnownFileType = file.xib; path = OnboardingViewController.xib; sourceTree = "<group>"; };
		A1CB8C762B5289FD00316DD4 /* OnboardingViewModel.swift */ = {isa = PBXFileReference; lastKnownFileType = sourcecode.swift; path = OnboardingViewModel.swift; sourceTree = "<group>"; };
		A1CB8C782B528A4C00316DD4 /* OnboardingData.json */ = {isa = PBXFileReference; lastKnownFileType = text.json; path = OnboardingData.json; sourceTree = "<group>"; };
		A1CB8C7B2B5294AA00316DD4 /* UICollectionVeiw+Extension.swift */ = {isa = PBXFileReference; lastKnownFileType = sourcecode.swift; path = "UICollectionVeiw+Extension.swift"; sourceTree = "<group>"; };
		A1CB8C7F2B53100100316DD4 /* FlexiblePageControl.swift */ = {isa = PBXFileReference; lastKnownFileType = sourcecode.swift; path = FlexiblePageControl.swift; sourceTree = "<group>"; };
		A1CB8C822B53DA6000316DD4 /* SplashViewController.swift */ = {isa = PBXFileReference; lastKnownFileType = sourcecode.swift; path = SplashViewController.swift; sourceTree = "<group>"; };
		A1CB8C832B53DA6000316DD4 /* SplashViewController.xib */ = {isa = PBXFileReference; lastKnownFileType = file.xib; path = SplashViewController.xib; sourceTree = "<group>"; };
		A1CB8C872B540FCF00316DD4 /* LaunchViewController.swift */ = {isa = PBXFileReference; lastKnownFileType = sourcecode.swift; path = LaunchViewController.swift; sourceTree = "<group>"; };
		A1CB8C882B540FCF00316DD4 /* LaunchViewController.xib */ = {isa = PBXFileReference; lastKnownFileType = file.xib; path = LaunchViewController.xib; sourceTree = "<group>"; };
		D62759FE2B67DC7A0069CF9C /* CartTheme2CollectionViewController.swift */ = {isa = PBXFileReference; lastKnownFileType = sourcecode.swift; path = CartTheme2CollectionViewController.swift; sourceTree = "<group>"; };
		D6275A052B67E5770069CF9C /* Cart2Model.swift */ = {isa = PBXFileReference; lastKnownFileType = sourcecode.swift; path = Cart2Model.swift; sourceTree = "<group>"; };
		D62BD3C32B6D93DD000CF78A /* PromoCodeCollectionViewCell.swift */ = {isa = PBXFileReference; fileEncoding = 4; lastKnownFileType = sourcecode.swift; path = PromoCodeCollectionViewCell.swift; sourceTree = "<group>"; };
		D62BD3C42B6D93DD000CF78A /* PromoCodeCollectionViewCell.xib */ = {isa = PBXFileReference; fileEncoding = 4; lastKnownFileType = file.xib; path = PromoCodeCollectionViewCell.xib; sourceTree = "<group>"; };
		D62BD3C52B6D93DD000CF78A /* CartPromoCodeSection.swift */ = {isa = PBXFileReference; fileEncoding = 4; lastKnownFileType = sourcecode.swift; path = CartPromoCodeSection.swift; sourceTree = "<group>"; };
		D62BD3CA2B6D9430000CF78A /* CartCheckOutSection.swift */ = {isa = PBXFileReference; fileEncoding = 4; lastKnownFileType = sourcecode.swift; path = CartCheckOutSection.swift; sourceTree = "<group>"; };
		D62BD3CB2B6D9430000CF78A /* CheckOutCollectionViewCell.swift */ = {isa = PBXFileReference; fileEncoding = 4; lastKnownFileType = sourcecode.swift; path = CheckOutCollectionViewCell.swift; sourceTree = "<group>"; };
		D62BD3CC2B6D9430000CF78A /* CheckOutCollectionViewCell.xib */ = {isa = PBXFileReference; fileEncoding = 4; lastKnownFileType = file.xib; path = CheckOutCollectionViewCell.xib; sourceTree = "<group>"; };
		D62BD3D02B6D944C000CF78A /* CartProductCollectionViewCell.xib */ = {isa = PBXFileReference; fileEncoding = 4; lastKnownFileType = file.xib; path = CartProductCollectionViewCell.xib; sourceTree = "<group>"; };
		D62BD3D12B6D944C000CF78A /* CartProductCollectionViewCell.swift */ = {isa = PBXFileReference; fileEncoding = 4; lastKnownFileType = sourcecode.swift; path = CartProductCollectionViewCell.swift; sourceTree = "<group>"; };
		D62BD3D22B6D944C000CF78A /* CartProductsSection.swift */ = {isa = PBXFileReference; fileEncoding = 4; lastKnownFileType = sourcecode.swift; path = CartProductsSection.swift; sourceTree = "<group>"; };
		D62BD3D92B6D9487000CF78A /* CartTheme2CollectionViewCell.swift */ = {isa = PBXFileReference; fileEncoding = 4; lastKnownFileType = sourcecode.swift; path = CartTheme2CollectionViewCell.swift; sourceTree = "<group>"; };
		D62BD3DA2B6D9487000CF78A /* CartTheme2CollectionViewCell.xib */ = {isa = PBXFileReference; fileEncoding = 4; lastKnownFileType = file.xib; path = CartTheme2CollectionViewCell.xib; sourceTree = "<group>"; };
		D62BD3DD2B6D94DB000CF78A /* SectionsLayout.swift */ = {isa = PBXFileReference; lastKnownFileType = sourcecode.swift; path = SectionsLayout.swift; sourceTree = "<group>"; };
		D62BD3DF2B6E7364000CF78A /* Cart2ProductsSection.swift */ = {isa = PBXFileReference; lastKnownFileType = sourcecode.swift; path = Cart2ProductsSection.swift; sourceTree = "<group>"; };
		D62BD3EE2B6FEC0B000CF78A /* ProfileModel.swift */ = {isa = PBXFileReference; lastKnownFileType = sourcecode.swift; path = ProfileModel.swift; sourceTree = "<group>"; };
		D62BD4062B73AC61000CF78A /* UserCollectionViewCell.swift */ = {isa = PBXFileReference; lastKnownFileType = sourcecode.swift; path = UserCollectionViewCell.swift; sourceTree = "<group>"; };
		D62BD4072B73AC61000CF78A /* UserCollectionViewCell.xib */ = {isa = PBXFileReference; lastKnownFileType = file.xib; path = UserCollectionViewCell.xib; sourceTree = "<group>"; };
		D62BD40A2B73AEE9000CF78A /* ProfileCollectionViewCell.swift */ = {isa = PBXFileReference; lastKnownFileType = sourcecode.swift; path = ProfileCollectionViewCell.swift; sourceTree = "<group>"; };
		D62BD40B2B73AEE9000CF78A /* ProfileCollectionViewCell.xib */ = {isa = PBXFileReference; lastKnownFileType = file.xib; path = ProfileCollectionViewCell.xib; sourceTree = "<group>"; };
		D62BD40E2B73B250000CF78A /* ProfileCollectionViewController.swift */ = {isa = PBXFileReference; lastKnownFileType = sourcecode.swift; path = ProfileCollectionViewController.swift; sourceTree = "<group>"; };
		D62F1C1D2B616EFA00FBE349 /* ProductDetailsViewController.swift */ = {isa = PBXFileReference; lastKnownFileType = sourcecode.swift; path = ProductDetailsViewController.swift; sourceTree = "<group>"; };
		D62F1C1E2B616EFA00FBE349 /* ProductDetailsViewController.xib */ = {isa = PBXFileReference; lastKnownFileType = file.xib; path = ProductDetailsViewController.xib; sourceTree = "<group>"; };
		D62F1C342B61851900FBE349 /* SizeCollectionViewCell.swift */ = {isa = PBXFileReference; fileEncoding = 4; lastKnownFileType = sourcecode.swift; path = SizeCollectionViewCell.swift; sourceTree = "<group>"; };
		D62F1C352B61851900FBE349 /* ColorViewButton.swift */ = {isa = PBXFileReference; fileEncoding = 4; lastKnownFileType = sourcecode.swift; path = ColorViewButton.swift; sourceTree = "<group>"; };
		D62F1C3C2B61854500FBE349 /* SizeView.swift */ = {isa = PBXFileReference; fileEncoding = 4; lastKnownFileType = sourcecode.swift; path = SizeView.swift; sourceTree = "<group>"; };
		D62F1C3D2B61854500FBE349 /* ColorView.swift */ = {isa = PBXFileReference; fileEncoding = 4; lastKnownFileType = sourcecode.swift; path = ColorView.swift; sourceTree = "<group>"; };
		D62F1C402B61E80600FBE349 /* ProductReviewView.swift */ = {isa = PBXFileReference; lastKnownFileType = sourcecode.swift; path = ProductReviewView.swift; sourceTree = "<group>"; };
		D62F1C422B61E81500FBE349 /* ProductReviewView.xib */ = {isa = PBXFileReference; lastKnownFileType = file.xib; path = ProductReviewView.xib; sourceTree = "<group>"; };
		D62F1C442B61EFE800FBE349 /* Product.swift */ = {isa = PBXFileReference; lastKnownFileType = sourcecode.swift; path = Product.swift; sourceTree = "<group>"; };
		D62F1C582B64033E00FBE349 /* StapperView.swift */ = {isa = PBXFileReference; lastKnownFileType = sourcecode.swift; path = StapperView.swift; sourceTree = "<group>"; };
		D62F1C5A2B64034A00FBE349 /* StapperView.xib */ = {isa = PBXFileReference; lastKnownFileType = file.xib; path = StapperView.xib; sourceTree = "<group>"; };
		D62F1C602B64292300FBE349 /* SizeCollectionView.swift */ = {isa = PBXFileReference; lastKnownFileType = sourcecode.swift; path = SizeCollectionView.swift; sourceTree = "<group>"; };
		D62F1C672B653E3000FBE349 /* CartViewController.swift */ = {isa = PBXFileReference; lastKnownFileType = sourcecode.swift; path = CartViewController.swift; sourceTree = "<group>"; };
		D62F1C702B65411100FBE349 /* CartModel.swift */ = {isa = PBXFileReference; lastKnownFileType = sourcecode.swift; path = CartModel.swift; sourceTree = "<group>"; };
		D6E9AB4E2B73E21000BEA301 /* UserSection.swift */ = {isa = PBXFileReference; lastKnownFileType = sourcecode.swift; path = UserSection.swift; sourceTree = "<group>"; };
		D6E9AB502B73E3EE00BEA301 /* ProfileSection.swift */ = {isa = PBXFileReference; lastKnownFileType = sourcecode.swift; path = ProfileSection.swift; sourceTree = "<group>"; };
		D6E9AB532B73EE8100BEA301 /* SectionDecorationView.swift */ = {isa = PBXFileReference; lastKnownFileType = sourcecode.swift; path = SectionDecorationView.swift; sourceTree = "<group>"; };
		EE08DB092B68596700A358D9 /* +hexString.swift */ = {isa = PBXFileReference; lastKnownFileType = sourcecode.swift; path = "+hexString.swift"; sourceTree = "<group>"; };
		EE32E28B2B45B1D100675EAE /* AppDelegate.swift */ = {isa = PBXFileReference; lastKnownFileType = sourcecode.swift; path = AppDelegate.swift; sourceTree = "<group>"; };
		EE32E28D2B45B1D100675EAE /* SceneDelegate.swift */ = {isa = PBXFileReference; lastKnownFileType = sourcecode.swift; path = SceneDelegate.swift; sourceTree = "<group>"; };
		EE32E2942B45B1D200675EAE /* Assets.xcassets */ = {isa = PBXFileReference; lastKnownFileType = folder.assetcatalog; path = Assets.xcassets; sourceTree = "<group>"; };
		EE32E2972B45B1D200675EAE /* Base */ = {isa = PBXFileReference; lastKnownFileType = file.storyboard; name = Base; path = Base.lproj/LaunchScreen.storyboard; sourceTree = "<group>"; };
		EE32E2992B45B1D200675EAE /* Info.plist */ = {isa = PBXFileReference; lastKnownFileType = text.plist.xml; path = Info.plist; sourceTree = "<group>"; };
		EE32E2BB2B45B26400675EAE /* ar */ = {isa = PBXFileReference; lastKnownFileType = text.plist.strings; name = ar; path = ar.lproj/LaunchScreen.strings; sourceTree = "<group>"; };
		EE32E2C52B45B3D700675EAE /* en */ = {isa = PBXFileReference; lastKnownFileType = text.plist.strings; name = en; path = en.lproj/Localizable.strings; sourceTree = "<group>"; };
		EE32E2C72B45B3D900675EAE /* ar */ = {isa = PBXFileReference; lastKnownFileType = text.plist.strings; name = ar; path = ar.lproj/Localizable.strings; sourceTree = "<group>"; };
		EE32E2C82B45B41600675EAE /* swiftgen.yml */ = {isa = PBXFileReference; fileEncoding = 4; lastKnownFileType = text.yaml; path = swiftgen.yml; sourceTree = "<group>"; };
		EE32E2C92B45B41600675EAE /* .swiftlint.yml */ = {isa = PBXFileReference; fileEncoding = 4; lastKnownFileType = text.yaml; path = .swiftlint.yml; sourceTree = "<group>"; };
		EE32E2CE2B45B56700675EAE /* Fonts.swift */ = {isa = PBXFileReference; lastKnownFileType = sourcecode.swift; path = Fonts.swift; sourceTree = "<group>"; };
		EE32E2D82B45B7E600675EAE /* Strings+Generated.swift */ = {isa = PBXFileReference; fileEncoding = 4; lastKnownFileType = sourcecode.swift; name = "Strings+Generated.swift"; path = "Resources/Generated/Strings+Generated.swift"; sourceTree = SOURCE_ROOT; };
		EE58F5E02B5ED0100068B93F /* OnboardingTests.swift */ = {isa = PBXFileReference; fileEncoding = 4; lastKnownFileType = sourcecode.swift; path = OnboardingTests.swift; sourceTree = "<group>"; };
		EE58F5E92B5ED0F20068B93F /* OnboardingModel.swift */ = {isa = PBXFileReference; fileEncoding = 4; lastKnownFileType = sourcecode.swift; path = OnboardingModel.swift; sourceTree = "<group>"; };
		EE5CA12D2B5EF8E900630C5D /* EcoMarket.app */ = {isa = PBXFileReference; explicitFileType = wrapper.application; includeInIndex = 0; path = EcoMarket.app; sourceTree = BUILT_PRODUCTS_DIR; };
		EE5CA12E2B5EF9BF00630C5D /* CategoryTableViewCell.swift */ = {isa = PBXFileReference; fileEncoding = 4; lastKnownFileType = sourcecode.swift; path = CategoryTableViewCell.swift; sourceTree = "<group>"; };
		EE5CA12F2B5EF9BF00630C5D /* CategoryTableViewCell.xib */ = {isa = PBXFileReference; fileEncoding = 4; lastKnownFileType = file.xib; path = CategoryTableViewCell.xib; sourceTree = "<group>"; };
		EE5CA1302B5EF9BF00630C5D /* CategoryViewController1.swift */ = {isa = PBXFileReference; fileEncoding = 4; lastKnownFileType = sourcecode.swift; path = CategoryViewController1.swift; sourceTree = "<group>"; };
		EE5CA1312B5EF9BF00630C5D /* CategoryViewModel.swift */ = {isa = PBXFileReference; fileEncoding = 4; lastKnownFileType = sourcecode.swift; path = CategoryViewModel.swift; sourceTree = "<group>"; };
		EE5CA1322B5EF9BF00630C5D /* CategoryModel.swift */ = {isa = PBXFileReference; fileEncoding = 4; lastKnownFileType = sourcecode.swift; path = CategoryModel.swift; sourceTree = "<group>"; };
		EE5CA1382B5EF9CC00630C5D /* CategoryCollectionViewCell.swift */ = {isa = PBXFileReference; fileEncoding = 4; lastKnownFileType = sourcecode.swift; path = CategoryCollectionViewCell.swift; sourceTree = "<group>"; };
		EE5CA1392B5EF9CC00630C5D /* Category2ViewModel.swift */ = {isa = PBXFileReference; fileEncoding = 4; lastKnownFileType = sourcecode.swift; path = Category2ViewModel.swift; sourceTree = "<group>"; };
		EE5CA13A2B5EF9CC00630C5D /* CategoryViewController2.xib */ = {isa = PBXFileReference; fileEncoding = 4; lastKnownFileType = file.xib; path = CategoryViewController2.xib; sourceTree = "<group>"; };
		EE5CA13B2B5EF9CC00630C5D /* CategoryViewController2.swift */ = {isa = PBXFileReference; fileEncoding = 4; lastKnownFileType = sourcecode.swift; path = CategoryViewController2.swift; sourceTree = "<group>"; };
		EE5CA13C2B5EF9CC00630C5D /* CategoryCollectionViewCell.xib */ = {isa = PBXFileReference; fileEncoding = 4; lastKnownFileType = file.xib; path = CategoryCollectionViewCell.xib; sourceTree = "<group>"; };
		EE5CA1422B5EF9D500630C5D /* Category3ViewModel.swift */ = {isa = PBXFileReference; fileEncoding = 4; lastKnownFileType = sourcecode.swift; path = Category3ViewModel.swift; sourceTree = "<group>"; };
		EE5CA1432B5EF9D500630C5D /* CategoryViewController3.xib */ = {isa = PBXFileReference; fileEncoding = 4; lastKnownFileType = file.xib; path = CategoryViewController3.xib; sourceTree = "<group>"; };
		EE5CA1442B5EF9D500630C5D /* CategoryViewController3.swift */ = {isa = PBXFileReference; fileEncoding = 4; lastKnownFileType = sourcecode.swift; path = CategoryViewController3.swift; sourceTree = "<group>"; };
		EE5CA1452B5EF9D500630C5D /* CategoryCollectionViewCell3.xib */ = {isa = PBXFileReference; fileEncoding = 4; lastKnownFileType = file.xib; path = CategoryCollectionViewCell3.xib; sourceTree = "<group>"; };
		EE5CA1462B5EF9D500630C5D /* CategoryCollectionViewCell3.swift */ = {isa = PBXFileReference; fileEncoding = 4; lastKnownFileType = sourcecode.swift; path = CategoryCollectionViewCell3.swift; sourceTree = "<group>"; };
		EE5CA14D2B5EFB0500630C5D /* UITableView+Extension.swift */ = {isa = PBXFileReference; lastKnownFileType = sourcecode.swift; path = "UITableView+Extension.swift"; sourceTree = "<group>"; };
		EE5CA1542B5F033100630C5D /* SearchView.swift */ = {isa = PBXFileReference; fileEncoding = 4; lastKnownFileType = sourcecode.swift; path = SearchView.swift; sourceTree = "<group>"; };
		EE5CA1562B5F033300630C5D /* SearchView.xib */ = {isa = PBXFileReference; lastKnownFileType = file.xib; path = SearchView.xib; sourceTree = "<group>"; };
		EE5D818E2B641B3E00222466 /* drawOnboardingShape.swift */ = {isa = PBXFileReference; lastKnownFileType = sourcecode.swift; path = drawOnboardingShape.swift; sourceTree = "<group>"; };
		EE64D7962B5AB94900C5CBD7 /* EMTabBarViewController.swift */ = {isa = PBXFileReference; fileEncoding = 4; lastKnownFileType = sourcecode.swift; path = EMTabBarViewController.swift; sourceTree = "<group>"; };
		EE64D7982B5AB9CE00C5CBD7 /* EMTabBarItem.swift */ = {isa = PBXFileReference; lastKnownFileType = sourcecode.swift; path = EMTabBarItem.swift; sourceTree = "<group>"; };
		EE64D79A2B5ABA0900C5CBD7 /* EMTabBar.swift */ = {isa = PBXFileReference; lastKnownFileType = sourcecode.swift; path = EMTabBar.swift; sourceTree = "<group>"; };
		EE64D79C2B5ABA2B00C5CBD7 /* EMTabBarType.swift */ = {isa = PBXFileReference; lastKnownFileType = sourcecode.swift; path = EMTabBarType.swift; sourceTree = "<group>"; };
		EE64D79E2B5ABA5400C5CBD7 /* EMTabBarViewModel.swift */ = {isa = PBXFileReference; lastKnownFileType = sourcecode.swift; path = EMTabBarViewModel.swift; sourceTree = "<group>"; };
		EE95CEBD2B4E9D9200BC5524 /* AppRouter.swift */ = {isa = PBXFileReference; fileEncoding = 4; lastKnownFileType = sourcecode.swift; path = AppRouter.swift; sourceTree = "<group>"; };
		EE95CEBE2B4E9D9200BC5524 /* Router.swift */ = {isa = PBXFileReference; fileEncoding = 4; lastKnownFileType = sourcecode.swift; path = Router.swift; sourceTree = "<group>"; };
		EE95CEBF2B4E9D9200BC5524 /* NavigationRouter.swift */ = {isa = PBXFileReference; fileEncoding = 4; lastKnownFileType = sourcecode.swift; path = NavigationRouter.swift; sourceTree = "<group>"; };
		EE95CEC02B4E9D9200BC5524 /* ModalRouter.swift */ = {isa = PBXFileReference; fileEncoding = 4; lastKnownFileType = sourcecode.swift; path = ModalRouter.swift; sourceTree = "<group>"; };
		EE95CEC62B4E9E1600BC5524 /* Logger.swift */ = {isa = PBXFileReference; fileEncoding = 4; lastKnownFileType = sourcecode.swift; path = Logger.swift; sourceTree = "<group>"; };
		EEA62F532B66D99F00771D99 /* maskCustomProductShape.swift */ = {isa = PBXFileReference; lastKnownFileType = sourcecode.swift; path = maskCustomProductShape.swift; sourceTree = "<group>"; };
		EEA6F9A22B58665B00A9E0C2 /* mainWindow.swift */ = {isa = PBXFileReference; fileEncoding = 4; lastKnownFileType = sourcecode.swift; path = mainWindow.swift; sourceTree = "<group>"; };
		EEA6F9A52B58667500A9E0C2 /* parentViewController.swift */ = {isa = PBXFileReference; fileEncoding = 4; lastKnownFileType = sourcecode.swift; path = parentViewController.swift; sourceTree = "<group>"; };
		EEA6F9A82B58668500A9E0C2 /* +topMostViewController.swift */ = {isa = PBXFileReference; fileEncoding = 4; lastKnownFileType = sourcecode.swift; path = "+topMostViewController.swift"; sourceTree = "<group>"; };
		EEA6F9AA2B5866F100A9E0C2 /* LoginViewController.xib */ = {isa = PBXFileReference; fileEncoding = 4; lastKnownFileType = file.xib; path = LoginViewController.xib; sourceTree = "<group>"; };
		EEA6F9AB2B5866F100A9E0C2 /* LoginViewController.swift */ = {isa = PBXFileReference; fileEncoding = 4; lastKnownFileType = sourcecode.swift; path = LoginViewController.swift; sourceTree = "<group>"; };
		EEA6F9AE2B58670500A9E0C2 /* SignupViewController.swift */ = {isa = PBXFileReference; fileEncoding = 4; lastKnownFileType = sourcecode.swift; path = SignupViewController.swift; sourceTree = "<group>"; };
		EEA6F9AF2B58670500A9E0C2 /* SignupViewController.xib */ = {isa = PBXFileReference; fileEncoding = 4; lastKnownFileType = file.xib; path = SignupViewController.xib; sourceTree = "<group>"; };
		EEA6F9B22B58671200A9E0C2 /* SuccessViewController.xib */ = {isa = PBXFileReference; fileEncoding = 4; lastKnownFileType = file.xib; path = SuccessViewController.xib; sourceTree = "<group>"; };
		EEA6F9B32B58671200A9E0C2 /* SuccessViewController.swift */ = {isa = PBXFileReference; fileEncoding = 4; lastKnownFileType = sourcecode.swift; path = SuccessViewController.swift; sourceTree = "<group>"; };
		EEA6F9BA2B5867A800A9E0C2 /* OnboardingCollectionViewCell.swift */ = {isa = PBXFileReference; fileEncoding = 4; lastKnownFileType = sourcecode.swift; path = OnboardingCollectionViewCell.swift; sourceTree = "<group>"; };
		EEA6F9BB2B5867A800A9E0C2 /* OnboardingCollectionViewCell.xib */ = {isa = PBXFileReference; fileEncoding = 4; lastKnownFileType = file.xib; path = OnboardingCollectionViewCell.xib; sourceTree = "<group>"; };
		EEA6F9C32B5867E000A9E0C2 /* SocialMediaButton.swift */ = {isa = PBXFileReference; fileEncoding = 4; lastKnownFileType = sourcecode.swift; path = SocialMediaButton.swift; sourceTree = "<group>"; };
		EEA6F9C42B5867E100A9E0C2 /* EcoMarketButton.swift */ = {isa = PBXFileReference; fileEncoding = 4; lastKnownFileType = sourcecode.swift; path = EcoMarketButton.swift; sourceTree = "<group>"; };
		EEA6F9C52B5867E100A9E0C2 /* AppleButton.swift */ = {isa = PBXFileReference; fileEncoding = 4; lastKnownFileType = sourcecode.swift; path = AppleButton.swift; sourceTree = "<group>"; };
		EEA6F9C62B5867E100A9E0C2 /* GoogleButton.swift */ = {isa = PBXFileReference; fileEncoding = 4; lastKnownFileType = sourcecode.swift; path = GoogleButton.swift; sourceTree = "<group>"; };
		EEA6F9C72B5867E100A9E0C2 /* FacebookButton.swift */ = {isa = PBXFileReference; fileEncoding = 4; lastKnownFileType = sourcecode.swift; path = FacebookButton.swift; sourceTree = "<group>"; };
		EEA6F9C82B5867E100A9E0C2 /* PrimaryButton.swift */ = {isa = PBXFileReference; fileEncoding = 4; lastKnownFileType = sourcecode.swift; path = PrimaryButton.swift; sourceTree = "<group>"; };
		EEA6F9D12B58680D00A9E0C2 /* EMTextField.xib */ = {isa = PBXFileReference; fileEncoding = 4; lastKnownFileType = file.xib; path = EMTextField.xib; sourceTree = "<group>"; };
		EEA6F9D22B58680D00A9E0C2 /* EMTextField.swift */ = {isa = PBXFileReference; fileEncoding = 4; lastKnownFileType = sourcecode.swift; path = EMTextField.swift; sourceTree = "<group>"; };
		EEA6F9D52B58683F00A9E0C2 /* Colors.xcassets */ = {isa = PBXFileReference; lastKnownFileType = folder.assetcatalog; path = Colors.xcassets; sourceTree = "<group>"; };
		EEA6F9D72B58685100A9E0C2 /* AppImage.swift */ = {isa = PBXFileReference; fileEncoding = 4; lastKnownFileType = sourcecode.swift; path = AppImage.swift; sourceTree = "<group>"; };
		EEA6F9D82B58685100A9E0C2 /* AppColor.swift */ = {isa = PBXFileReference; fileEncoding = 4; lastKnownFileType = sourcecode.swift; path = AppColor.swift; sourceTree = "<group>"; };
		EEA6F9DC2B58750A00A9E0C2 /* +JSONDecoder.swift */ = {isa = PBXFileReference; lastKnownFileType = sourcecode.swift; path = "+JSONDecoder.swift"; sourceTree = "<group>"; };
		EEF069AE2B5ED20D0063EE80 /* Poppins-Regular.ttf */ = {isa = PBXFileReference; lastKnownFileType = file; path = "Poppins-Regular.ttf"; sourceTree = "<group>"; };
		EEF069AF2B5ED20D0063EE80 /* Poppins-Medium.ttf */ = {isa = PBXFileReference; lastKnownFileType = file; path = "Poppins-Medium.ttf"; sourceTree = "<group>"; };
		EEF069B02B5ED20D0063EE80 /* Poppins-SemiBold.ttf */ = {isa = PBXFileReference; lastKnownFileType = file; path = "Poppins-SemiBold.ttf"; sourceTree = "<group>"; };
		EEF069B12B5ED20D0063EE80 /* Poppins-Bold.ttf */ = {isa = PBXFileReference; lastKnownFileType = file; path = "Poppins-Bold.ttf"; sourceTree = "<group>"; };
/* End PBXFileReference section */

/* Begin PBXFrameworksBuildPhase section */
		EE32E2852B45B1D100675EAE /* Frameworks */ = {
			isa = PBXFrameworksBuildPhase;
			buildActionMask = 2147483647;
			files = (
				EEA6F9992B5865BA00A9E0C2 /* MakeConstraints in Frameworks */,
			);
			runOnlyForDeploymentPostprocessing = 0;
		};
		EE89255D2B5AE1FE0025C166 /* Frameworks */ = {
			isa = PBXFrameworksBuildPhase;
			buildActionMask = 2147483647;
			files = (
			);
			runOnlyForDeploymentPostprocessing = 0;
		};
/* End PBXFrameworksBuildPhase section */

/* Begin PBXGroup section */
		214AC06B2B4E973F0094297D /* HomeTheme1 */ = {
			isa = PBXGroup;
			children = (
			);
			path = HomeTheme1;
			sourceTree = "<group>";
		};
		214AC06C2B4E974D0094297D /* HomeTheme2 */ = {
			isa = PBXGroup;
			children = (
			);
			path = HomeTheme2;
			sourceTree = "<group>";
		};
		214AC06D2B4E97560094297D /* HomeTheme3 */ = {
			isa = PBXGroup;
			children = (
			);
			path = HomeTheme3;
			sourceTree = "<group>";
		};
		214AC06E2B4E975F0094297D /* HomeTheme4 */ = {
			isa = PBXGroup;
			children = (
			);
			path = HomeTheme4;
			sourceTree = "<group>";
		};
		214AC06F2B4E97810094297D /* Categories */ = {
			isa = PBXGroup;
			children = (
				214AC0722B4E97B50094297D /* CategoriesTheme3 */,
				214AC0712B4E97AF0094297D /* CategoriesTheme2 */,
				214AC0702B4E978B0094297D /* CategoriesTheme1 */,
			);
			path = Categories;
			sourceTree = "<group>";
		};
		214AC0702B4E978B0094297D /* CategoriesTheme1 */ = {
			isa = PBXGroup;
			children = (
				EE5CA1502B5F00E400630C5D /* cell */,
				EE5CA1322B5EF9BF00630C5D /* CategoryModel.swift */,
				EE5CA1302B5EF9BF00630C5D /* CategoryViewController1.swift */,
				EE5CA1312B5EF9BF00630C5D /* CategoryViewModel.swift */,
			);
			path = CategoriesTheme1;
			sourceTree = "<group>";
		};
		214AC0712B4E97AF0094297D /* CategoriesTheme2 */ = {
			isa = PBXGroup;
			children = (
				EE5CA14F2B5F00D700630C5D /* cell */,
				EE5CA1392B5EF9CC00630C5D /* Category2ViewModel.swift */,
				EE5CA13B2B5EF9CC00630C5D /* CategoryViewController2.swift */,
				EE5CA13A2B5EF9CC00630C5D /* CategoryViewController2.xib */,
			);
			path = CategoriesTheme2;
			sourceTree = "<group>";
		};
		214AC0722B4E97B50094297D /* CategoriesTheme3 */ = {
			isa = PBXGroup;
			children = (
				D6A0EB8D2B5F0F8500079FF3 /* Cell */,
				EE5CA1422B5EF9D500630C5D /* Category3ViewModel.swift */,
				EE5CA1442B5EF9D500630C5D /* CategoryViewController3.swift */,
				EE5CA1432B5EF9D500630C5D /* CategoryViewController3.xib */,
			);
			path = CategoriesTheme3;
			sourceTree = "<group>";
		};
		A1CB8C6B2B5277C600316DD4 /* Splash */ = {
			isa = PBXGroup;
			children = (
				A1CB8C822B53DA6000316DD4 /* SplashViewController.swift */,
				A1CB8C832B53DA6000316DD4 /* SplashViewController.xib */,
			);
			path = Splash;
			sourceTree = "<group>";
		};
		A1CB8C6C2B52783200316DD4 /* Onboarding */ = {
			isa = PBXGroup;
			children = (
				EEA6F9B92B58679700A9E0C2 /* CollectionView Cell */,
				A1CB8C782B528A4C00316DD4 /* OnboardingData.json */,
				EE58F5E92B5ED0F20068B93F /* OnboardingModel.swift */,
				A1CB8C762B5289FD00316DD4 /* OnboardingViewModel.swift */,
				A1CB8C6E2B52788600316DD4 /* OnboardingViewController.xib */,
				A1CB8C6D2B52788600316DD4 /* OnboardingViewController.swift */,
			);
			path = Onboarding;
			sourceTree = "<group>";
		};
		A1CB8C7A2B52946D00316DD4 /* UICollectionView */ = {
			isa = PBXGroup;
			children = (
				A1CB8C7B2B5294AA00316DD4 /* UICollectionVeiw+Extension.swift */,
			);
			path = UICollectionView;
			sourceTree = "<group>";
		};
		A1CB8C812B53100B00316DD4 /* PageControl */ = {
			isa = PBXGroup;
			children = (
				A1CB8C7F2B53100100316DD4 /* FlexiblePageControl.swift */,
			);
			path = PageControl;
			sourceTree = "<group>";
		};
		A1CB8C862B540F7900316DD4 /* LaunchScreen */ = {
			isa = PBXGroup;
			children = (
				A1CB8C872B540FCF00316DD4 /* LaunchViewController.swift */,
				A1CB8C882B540FCF00316DD4 /* LaunchViewController.xib */,
			);
			path = LaunchScreen;
			sourceTree = "<group>";
		};
		D62759FB2B67DA750069CF9C /* CartTheme2 */ = {
			isa = PBXGroup;
			children = (
				D62BD3D82B6D947E000CF78A /* CartProductSection */,
				D62759FE2B67DC7A0069CF9C /* CartTheme2CollectionViewController.swift */,
				D6275A052B67E5770069CF9C /* Cart2Model.swift */,
			);
			path = CartTheme2;
			sourceTree = "<group>";
		};
		D62BD3BB2B6D93B3000CF78A /* CartProductSection */ = {
			isa = PBXGroup;
			children = (
				D62BD3D12B6D944C000CF78A /* CartProductCollectionViewCell.swift */,
				D62BD3D02B6D944C000CF78A /* CartProductCollectionViewCell.xib */,
				D62BD3D22B6D944C000CF78A /* CartProductsSection.swift */,
			);
			path = CartProductSection;
			sourceTree = "<group>";
		};
		D62BD3C22B6D93D6000CF78A /* CartPromoSection */ = {
			isa = PBXGroup;
			children = (
				D62BD3C52B6D93DD000CF78A /* CartPromoCodeSection.swift */,
				D62BD3C32B6D93DD000CF78A /* PromoCodeCollectionViewCell.swift */,
				D62BD3C42B6D93DD000CF78A /* PromoCodeCollectionViewCell.xib */,
			);
			path = CartPromoSection;
			sourceTree = "<group>";
		};
		D62BD3C92B6D9426000CF78A /* CartCheckOutSection */ = {
			isa = PBXGroup;
			children = (
				D62BD3CA2B6D9430000CF78A /* CartCheckOutSection.swift */,
				D62BD3CB2B6D9430000CF78A /* CheckOutCollectionViewCell.swift */,
				D62BD3CC2B6D9430000CF78A /* CheckOutCollectionViewCell.xib */,
			);
			path = CartCheckOutSection;
			sourceTree = "<group>";
		};
		D62BD3D82B6D947E000CF78A /* CartProductSection */ = {
			isa = PBXGroup;
			children = (
				D62BD3D92B6D9487000CF78A /* CartTheme2CollectionViewCell.swift */,
				D62BD3DA2B6D9487000CF78A /* CartTheme2CollectionViewCell.xib */,
				D62BD3DF2B6E7364000CF78A /* Cart2ProductsSection.swift */,
			);
			path = CartProductSection;
			sourceTree = "<group>";
		};
		D62BD3F02B6FEC6F000CF78A /* Cell */ = {
			isa = PBXGroup;
			children = (
				D62BD4062B73AC61000CF78A /* UserCollectionViewCell.swift */,
				D62BD4072B73AC61000CF78A /* UserCollectionViewCell.xib */,
				D62BD40A2B73AEE9000CF78A /* ProfileCollectionViewCell.swift */,
				D62BD40B2B73AEE9000CF78A /* ProfileCollectionViewCell.xib */,
			);
			path = Cell;
			sourceTree = "<group>";
		};
		D62F1C1C2B616EDA00FBE349 /* ProductDeatils */ = {
			isa = PBXGroup;
			children = (
				D62F1C442B61EFE800FBE349 /* Product.swift */,
				D62F1C1D2B616EFA00FBE349 /* ProductDetailsViewController.swift */,
				D62F1C1E2B616EFA00FBE349 /* ProductDetailsViewController.xib */,
			);
			path = ProductDeatils;
			sourceTree = "<group>";
		};
		D62F1C7A2B6591EF00FBE349 /* CartTheme1 */ = {
			isa = PBXGroup;
			children = (
				D62BD3C92B6D9426000CF78A /* CartCheckOutSection */,
				D62BD3C22B6D93D6000CF78A /* CartPromoSection */,
				D62BD3BB2B6D93B3000CF78A /* CartProductSection */,
				D62F1C672B653E3000FBE349 /* CartViewController.swift */,
				D62F1C702B65411100FBE349 /* CartModel.swift */,
			);
			path = CartTheme1;
			sourceTree = "<group>";
		};
		D6A0EB8D2B5F0F8500079FF3 /* Cell */ = {
			isa = PBXGroup;
			children = (
				EE5CA1462B5EF9D500630C5D /* CategoryCollectionViewCell3.swift */,
				EE5CA1452B5EF9D500630C5D /* CategoryCollectionViewCell3.xib */,
			);
			path = Cell;
			sourceTree = "<group>";
		};
		D6C6C6EB2B4F484500836A05 /* SuccessScreen */ = {
			isa = PBXGroup;
			children = (
				EEA6F9B32B58671200A9E0C2 /* SuccessViewController.swift */,
				EEA6F9B22B58671200A9E0C2 /* SuccessViewController.xib */,
			);
			path = SuccessScreen;
			sourceTree = "<group>";
		};
		D6E9AB4D2B73E1FF00BEA301 /* Sections */ = {
			isa = PBXGroup;
			children = (
				D6E9AB522B73EE6E00BEA301 /* DecorationView */,
				D6E9AB4E2B73E21000BEA301 /* UserSection.swift */,
				D6E9AB502B73E3EE00BEA301 /* ProfileSection.swift */,
			);
			path = Sections;
			sourceTree = "<group>";
		};
		D6E9AB522B73EE6E00BEA301 /* DecorationView */ = {
			isa = PBXGroup;
			children = (
				D6E9AB532B73EE8100BEA301 /* SectionDecorationView.swift */,
			);
			path = DecorationView;
			sourceTree = "<group>";
		};
		EE08DB082B68595400A358D9 /* UIColor */ = {
			isa = PBXGroup;
			children = (
				EE08DB092B68596700A358D9 /* +hexString.swift */,
			);
			path = UIColor;
			sourceTree = "<group>";
		};
		EE27C2722B68742800B8C2A6 /* Stapper View */ = {
			isa = PBXGroup;
			children = (
				D62F1C582B64033E00FBE349 /* StapperView.swift */,
				D62F1C5A2B64034A00FBE349 /* StapperView.xib */,
			);
			path = "Stapper View";
			sourceTree = "<group>";
		};
		EE27C2732B68743600B8C2A6 /* Product Review View */ = {
			isa = PBXGroup;
			children = (
				D62F1C402B61E80600FBE349 /* ProductReviewView.swift */,
				D62F1C422B61E81500FBE349 /* ProductReviewView.xib */,
			);
			path = "Product Review View";
			sourceTree = "<group>";
		};
		EE32E27F2B45B1D100675EAE = {
			isa = PBXGroup;
			children = (
				EE32E2C92B45B41600675EAE /* .swiftlint.yml */,
				EE32E2C82B45B41600675EAE /* swiftgen.yml */,
				EE32E28A2B45B1D100675EAE /* EcoMarket */,
				EE32E2D32B45B6C800675EAE /* Utilities */,
				EE32E2BC2B45B2ED00675EAE /* Resources */,
				EE8925612B5AE1FE0025C166 /* EcoMarketTests */,
				EE5CA12D2B5EF8E900630C5D /* EcoMarket.app */,
			);
			sourceTree = "<group>";
		};
		EE32E28A2B45B1D100675EAE /* EcoMarket */ = {
			isa = PBXGroup;
			children = (
				EE32E2D62B45B76A00675EAE /* Scenes */,
				EE32E28B2B45B1D100675EAE /* AppDelegate.swift */,
				EE32E28D2B45B1D100675EAE /* SceneDelegate.swift */,
				EE32E2992B45B1D200675EAE /* Info.plist */,
			);
			path = EcoMarket;
			sourceTree = "<group>";
		};
		EE32E2BC2B45B2ED00675EAE /* Resources */ = {
			isa = PBXGroup;
			children = (
				EE32E2D72B45B77E00675EAE /* LaunchScreen */,
				EE32E2C02B45B32B00675EAE /* Fonts */,
				EE32E2BF2B45B31700675EAE /* Assets */,
				EE32E2BE2B45B30A00675EAE /* Generated */,
				EE32E2BD2B45B30000675EAE /* Localization */,
			);
			path = Resources;
			sourceTree = "<group>";
		};
		EE32E2BD2B45B30000675EAE /* Localization */ = {
			isa = PBXGroup;
			children = (
				EE32E2C62B45B3D700675EAE /* Localizable.strings */,
			);
			path = Localization;
			sourceTree = "<group>";
		};
		EE32E2BE2B45B30A00675EAE /* Generated */ = {
			isa = PBXGroup;
			children = (
				EEA6F9D82B58685100A9E0C2 /* AppColor.swift */,
				EEA6F9D72B58685100A9E0C2 /* AppImage.swift */,
				EE32E2D82B45B7E600675EAE /* Strings+Generated.swift */,
			);
			path = Generated;
			sourceTree = "<group>";
		};
		EE32E2BF2B45B31700675EAE /* Assets */ = {
			isa = PBXGroup;
			children = (
				EEA6F9D52B58683F00A9E0C2 /* Colors.xcassets */,
				EE32E2942B45B1D200675EAE /* Assets.xcassets */,
			);
			path = Assets;
			sourceTree = "<group>";
		};
		EE32E2C02B45B32B00675EAE /* Fonts */ = {
			isa = PBXGroup;
			children = (
				EEF069B12B5ED20D0063EE80 /* Poppins-Bold.ttf */,
				EEF069AF2B5ED20D0063EE80 /* Poppins-Medium.ttf */,
				EEF069AE2B5ED20D0063EE80 /* Poppins-Regular.ttf */,
				EEF069B02B5ED20D0063EE80 /* Poppins-SemiBold.ttf */,
				EE32E2CE2B45B56700675EAE /* Fonts.swift */,
			);
			path = Fonts;
			sourceTree = "<group>";
		};
		EE32E2D32B45B6C800675EAE /* Utilities */ = {
			isa = PBXGroup;
			children = (
				EE95CEC52B4E9E0E00BC5524 /* Logger */,
				EE95CEBC2B4E9D3B00BC5524 /* Router */,
				EE32E2D52B45B6E100675EAE /* Custom Views */,
				EE32E2D42B45B6D200675EAE /* Extensions */,
			);
			path = Utilities;
			sourceTree = "<group>";
		};
		EE32E2D42B45B6D200675EAE /* Extensions */ = {
			isa = PBXGroup;
			children = (
				EE08DB082B68595400A358D9 /* UIColor */,
				EEA6F9A72B58667E00A9E0C2 /* UIViewController */,
				EEA6F9A42B58666E00A9E0C2 /* UIView */,
				EEA6F9A12B58665500A9E0C2 /* UIApplicatoin */,
				A1CB8C7A2B52946D00316DD4 /* UICollectionView */,
				EEA6F9DB2B5874FB00A9E0C2 /* Foundation */,
				EE5CA14C2B5EFACE00630C5D /* UITableView */,
			);
			path = Extensions;
			sourceTree = "<group>";
		};
		EE32E2D52B45B6E100675EAE /* Custom Views */ = {
			isa = PBXGroup;
			children = (
				EE27C2732B68743600B8C2A6 /* Product Review View */,
				EE27C2722B68742800B8C2A6 /* Stapper View */,
				EEA62F552B66DA0500771D99 /* Color View */,
				EEA62F522B66C55300771D99 /* Size View */,
				EE5CA1532B5F031300630C5D /* SearchView */,
				EEA6F9CF2B5867EC00A9E0C2 /* TextField */,
				EEA6F9C22B5867D900A9E0C2 /* Buttons */,
				A1CB8C812B53100B00316DD4 /* PageControl */,
			);
			path = "Custom Views";
			sourceTree = "<group>";
		};
		EE32E2D62B45B76A00675EAE /* Scenes */ = {
			isa = PBXGroup;
			children = (
				EE32E2DA2B45B81E00675EAE /* Onboarding */,
				EE32E2DB2B45B82400675EAE /* TabBar */,
				D62F1C1C2B616EDA00FBE349 /* ProductDeatils */,
			);
			path = Scenes;
			sourceTree = "<group>";
		};
		EE32E2D72B45B77E00675EAE /* LaunchScreen */ = {
			isa = PBXGroup;
			children = (
				EE32E2962B45B1D200675EAE /* LaunchScreen.storyboard */,
			);
			path = LaunchScreen;
			sourceTree = "<group>";
		};
		EE32E2DA2B45B81E00675EAE /* Onboarding */ = {
			isa = PBXGroup;
			children = (
				EE32E2DC2B45B88800675EAE /* Splash */,
				EE32E2DD2B45B89100675EAE /* Login */,
				EE32E2DE2B45B89400675EAE /* Signup */,
				D6C6C6EB2B4F484500836A05 /* SuccessScreen */,
			);
			path = Onboarding;
			sourceTree = "<group>";
		};
		EE32E2DB2B45B82400675EAE /* TabBar */ = {
			isa = PBXGroup;
			children = (
				EE95CED12B4EA17300BC5524 /* TabBarController */,
				EE32E2DF2B45B8D000675EAE /* Home */,
				EE32E2E02B45B8D400675EAE /* Cart */,
				EE32E2E12B45B8D800675EAE /* Notifications */,
				EE32E2E22B45B8E100675EAE /* Profile */,
			);
			path = TabBar;
			sourceTree = "<group>";
		};
		EE32E2DC2B45B88800675EAE /* Splash */ = {
			isa = PBXGroup;
			children = (
				A1CB8C6C2B52783200316DD4 /* Onboarding */,
				A1CB8C862B540F7900316DD4 /* LaunchScreen */,
				A1CB8C6B2B5277C600316DD4 /* Splash */,
			);
			path = Splash;
			sourceTree = "<group>";
		};
		EE32E2DD2B45B89100675EAE /* Login */ = {
			isa = PBXGroup;
			children = (
				EEA6F9AB2B5866F100A9E0C2 /* LoginViewController.swift */,
				EEA6F9AA2B5866F100A9E0C2 /* LoginViewController.xib */,
			);
			path = Login;
			sourceTree = "<group>";
		};
		EE32E2DE2B45B89400675EAE /* Signup */ = {
			isa = PBXGroup;
			children = (
				EEA6F9AE2B58670500A9E0C2 /* SignupViewController.swift */,
				EEA6F9AF2B58670500A9E0C2 /* SignupViewController.xib */,
			);
			path = Signup;
			sourceTree = "<group>";
		};
		EE32E2DF2B45B8D000675EAE /* Home */ = {
			isa = PBXGroup;
			children = (
				214AC06E2B4E975F0094297D /* HomeTheme4 */,
				214AC06D2B4E97560094297D /* HomeTheme3 */,
				214AC06C2B4E974D0094297D /* HomeTheme2 */,
				214AC06B2B4E973F0094297D /* HomeTheme1 */,
				214AC06F2B4E97810094297D /* Categories */,
			);
			path = Home;
			sourceTree = "<group>";
		};
		EE32E2E02B45B8D400675EAE /* Cart */ = {
			isa = PBXGroup;
			children = (
				D62F1C7A2B6591EF00FBE349 /* CartTheme1 */,
				D62759FB2B67DA750069CF9C /* CartTheme2 */,
				D62BD3DD2B6D94DB000CF78A /* SectionsLayout.swift */,
			);
			path = Cart;
			sourceTree = "<group>";
		};
		EE32E2E12B45B8D800675EAE /* Notifications */ = {
			isa = PBXGroup;
			children = (
			);
			path = Notifications;
			sourceTree = "<group>";
		};
		EE32E2E22B45B8E100675EAE /* Profile */ = {
			isa = PBXGroup;
			children = (
				D62BD3F02B6FEC6F000CF78A /* Cell */,
				D6E9AB4D2B73E1FF00BEA301 /* Sections */,
				D62BD40E2B73B250000CF78A /* ProfileCollectionViewController.swift */,
				D62BD3EE2B6FEC0B000CF78A /* ProfileModel.swift */,
			);
			path = Profile;
			sourceTree = "<group>";
		};
		EE5CA14C2B5EFACE00630C5D /* UITableView */ = {
			isa = PBXGroup;
			children = (
				EE5CA14D2B5EFB0500630C5D /* UITableView+Extension.swift */,
			);
			path = UITableView;
			sourceTree = "<group>";
		};
		EE5CA14F2B5F00D700630C5D /* cell */ = {
			isa = PBXGroup;
			children = (
				EE5CA1382B5EF9CC00630C5D /* CategoryCollectionViewCell.swift */,
				EE5CA13C2B5EF9CC00630C5D /* CategoryCollectionViewCell.xib */,
			);
			path = cell;
			sourceTree = "<group>";
		};
		EE5CA1502B5F00E400630C5D /* cell */ = {
			isa = PBXGroup;
			children = (
				EE5CA12E2B5EF9BF00630C5D /* CategoryTableViewCell.swift */,
				EE5CA12F2B5EF9BF00630C5D /* CategoryTableViewCell.xib */,
			);
			path = cell;
			sourceTree = "<group>";
		};
		EE5CA1532B5F031300630C5D /* SearchView */ = {
			isa = PBXGroup;
			children = (
				EE5CA1562B5F033300630C5D /* SearchView.xib */,
				EE5CA1542B5F033100630C5D /* SearchView.swift */,
			);
			path = SearchView;
			sourceTree = "<group>";
		};
		EE64D7A22B5ADDF100C5CBD7 /* Scenes */ = {
			isa = PBXGroup;
			children = (
				EE64D7A32B5ADDF800C5CBD7 /* Onboarding */,
			);
			path = Scenes;
			sourceTree = "<group>";
		};
		EE64D7A32B5ADDF800C5CBD7 /* Onboarding */ = {
			isa = PBXGroup;
			children = (
				EE64D7A42B5ADE2800C5CBD7 /* Splash */,
			);
			path = Onboarding;
			sourceTree = "<group>";
		};
		EE64D7A42B5ADE2800C5CBD7 /* Splash */ = {
			isa = PBXGroup;
			children = (
				EE64D7A52B5ADE4500C5CBD7 /* Onboarding */,
			);
			path = Splash;
			sourceTree = "<group>";
		};
		EE64D7A52B5ADE4500C5CBD7 /* Onboarding */ = {
			isa = PBXGroup;
			children = (
				EE58F5E02B5ED0100068B93F /* OnboardingTests.swift */,
			);
			path = Onboarding;
			sourceTree = "<group>";
		};
		EE8925612B5AE1FE0025C166 /* EcoMarketTests */ = {
			isa = PBXGroup;
			children = (
				EE64D7A22B5ADDF100C5CBD7 /* Scenes */,
			);
			path = EcoMarketTests;
			sourceTree = "<group>";
		};
		EE95CEBC2B4E9D3B00BC5524 /* Router */ = {
			isa = PBXGroup;
			children = (
				EE95CEBD2B4E9D9200BC5524 /* AppRouter.swift */,
				EE95CEC02B4E9D9200BC5524 /* ModalRouter.swift */,
				EE95CEBF2B4E9D9200BC5524 /* NavigationRouter.swift */,
				EE95CEBE2B4E9D9200BC5524 /* Router.swift */,
			);
			path = Router;
			sourceTree = "<group>";
		};
		EE95CEC52B4E9E0E00BC5524 /* Logger */ = {
			isa = PBXGroup;
			children = (
				EE95CEC62B4E9E1600BC5524 /* Logger.swift */,
			);
			path = Logger;
			sourceTree = "<group>";
		};
		EE95CED12B4EA17300BC5524 /* TabBarController */ = {
			isa = PBXGroup;
			children = (
				EE64D79C2B5ABA2B00C5CBD7 /* EMTabBarType.swift */,
				EE64D79E2B5ABA5400C5CBD7 /* EMTabBarViewModel.swift */,
				EE64D7962B5AB94900C5CBD7 /* EMTabBarViewController.swift */,
				EE64D79A2B5ABA0900C5CBD7 /* EMTabBar.swift */,
				EE64D7982B5AB9CE00C5CBD7 /* EMTabBarItem.swift */,
			);
			path = TabBarController;
			sourceTree = "<group>";
		};
		EEA62F522B66C55300771D99 /* Size View */ = {
			isa = PBXGroup;
			children = (
				D62F1C342B61851900FBE349 /* SizeCollectionViewCell.swift */,
				D62F1C3C2B61854500FBE349 /* SizeView.swift */,
				D62F1C602B64292300FBE349 /* SizeCollectionView.swift */,
			);
			path = "Size View";
			sourceTree = "<group>";
		};
		EEA62F552B66DA0500771D99 /* Color View */ = {
			isa = PBXGroup;
			children = (
				D62F1C352B61851900FBE349 /* ColorViewButton.swift */,
				D62F1C3D2B61854500FBE349 /* ColorView.swift */,
			);
			path = "Color View";
			sourceTree = "<group>";
		};
		EEA6F9A12B58665500A9E0C2 /* UIApplicatoin */ = {
			isa = PBXGroup;
			children = (
				EEA6F9A22B58665B00A9E0C2 /* mainWindow.swift */,
			);
			path = UIApplicatoin;
			sourceTree = "<group>";
		};
		EEA6F9A42B58666E00A9E0C2 /* UIView */ = {
			isa = PBXGroup;
			children = (
				EEA6F9A52B58667500A9E0C2 /* parentViewController.swift */,
				EEA62F532B66D99F00771D99 /* maskCustomProductShape.swift */,
				EE5D818E2B641B3E00222466 /* drawOnboardingShape.swift */,
			);
			path = UIView;
			sourceTree = "<group>";
		};
		EEA6F9A72B58667E00A9E0C2 /* UIViewController */ = {
			isa = PBXGroup;
			children = (
				EEA6F9A82B58668500A9E0C2 /* +topMostViewController.swift */,
			);
			path = UIViewController;
			sourceTree = "<group>";
		};
		EEA6F9B92B58679700A9E0C2 /* CollectionView Cell */ = {
			isa = PBXGroup;
			children = (
				EEA6F9BA2B5867A800A9E0C2 /* OnboardingCollectionViewCell.swift */,
				EEA6F9BB2B5867A800A9E0C2 /* OnboardingCollectionViewCell.xib */,
			);
			path = "CollectionView Cell";
			sourceTree = "<group>";
		};
		EEA6F9C22B5867D900A9E0C2 /* Buttons */ = {
			isa = PBXGroup;
			children = (
				EEA6F9C52B5867E100A9E0C2 /* AppleButton.swift */,
				EEA6F9C42B5867E100A9E0C2 /* EcoMarketButton.swift */,
				EEA6F9C72B5867E100A9E0C2 /* FacebookButton.swift */,
				EEA6F9C62B5867E100A9E0C2 /* GoogleButton.swift */,
				EEA6F9C82B5867E100A9E0C2 /* PrimaryButton.swift */,
				EEA6F9C32B5867E000A9E0C2 /* SocialMediaButton.swift */,
			);
			path = Buttons;
			sourceTree = "<group>";
		};
		EEA6F9CF2B5867EC00A9E0C2 /* TextField */ = {
			isa = PBXGroup;
			children = (
				EEA6F9D02B58680400A9E0C2 /* EmTextField */,
			);
			path = TextField;
			sourceTree = "<group>";
		};
		EEA6F9D02B58680400A9E0C2 /* EmTextField */ = {
			isa = PBXGroup;
			children = (
				EEA6F9D22B58680D00A9E0C2 /* EMTextField.swift */,
				EEA6F9D12B58680D00A9E0C2 /* EMTextField.xib */,
			);
			path = EmTextField;
			sourceTree = "<group>";
		};
		EEA6F9DB2B5874FB00A9E0C2 /* Foundation */ = {
			isa = PBXGroup;
			children = (
				EEA6F9DC2B58750A00A9E0C2 /* +JSONDecoder.swift */,
			);
			path = Foundation;
			sourceTree = "<group>";
		};
/* End PBXGroup section */

/* Begin PBXNativeTarget section */
		EE32E2872B45B1D100675EAE /* EcoMarket */ = {
			isa = PBXNativeTarget;
			buildConfigurationList = EE32E2B22B45B1D300675EAE /* Build configuration list for PBXNativeTarget "EcoMarket" */;
			buildPhases = (
				EE32E2CC2B45B45600675EAE /* swiftgen */,
				EE32E2CD2B45B47200675EAE /* swiftlint */,
				EE32E2842B45B1D100675EAE /* Sources */,
				EE32E2852B45B1D100675EAE /* Frameworks */,
				EE32E2862B45B1D100675EAE /* Resources */,
			);
			buildRules = (
			);
			dependencies = (
			);
			name = EcoMarket;
			packageProductDependencies = (
				EE11B1FA2B570EAF0077F5AA /* MakeConstraints */,
			);
			productName = EcoMarket;
			productReference = EE5CA12D2B5EF8E900630C5D /* EcoMarket.app */;
			productType = "com.apple.product-type.application";
		};
		EE89255F2B5AE1FE0025C166 /* EcoMarketTests */ = {
			isa = PBXNativeTarget;
			buildConfigurationList = EE8925662B5AE1FE0025C166 /* Build configuration list for PBXNativeTarget "EcoMarketTests" */;
			buildPhases = (
				EE89255C2B5AE1FE0025C166 /* Sources */,
				EE89255D2B5AE1FE0025C166 /* Frameworks */,
				EE89255E2B5AE1FE0025C166 /* Resources */,
			);
			buildRules = (
			);
			dependencies = (
				EE8925652B5AE1FE0025C166 /* PBXTargetDependency */,
			);
			name = EcoMarketTests;
			productName = EcoMarketTests;
			productType = "com.apple.product-type.bundle.unit-test";
		};
/* End PBXNativeTarget section */

/* Begin PBXProject section */
		EE32E2802B45B1D100675EAE /* Project object */ = {
			isa = PBXProject;
			attributes = {
				BuildIndependentTargetsInParallel = 1;
				LastSwiftUpdateCheck = 1500;
				LastUpgradeCheck = 1500;
				TargetAttributes = {
					EE32E2872B45B1D100675EAE = {
						CreatedOnToolsVersion = 15.0;
					};
					EE89255F2B5AE1FE0025C166 = {
						CreatedOnToolsVersion = 15.0;
						LastSwiftMigration = 1500;
						TestTargetID = EE32E2872B45B1D100675EAE;
					};
				};
			};
			buildConfigurationList = EE32E2832B45B1D100675EAE /* Build configuration list for PBXProject "EcoMarket" */;
			compatibilityVersion = "Xcode 14.0";
			developmentRegion = en;
			hasScannedForEncodings = 0;
			knownRegions = (
				en,
				Base,
				ar,
			);
			mainGroup = EE32E27F2B45B1D100675EAE;
			packageReferences = (
				EE11B1F92B570EAF0077F5AA /* XCLocalSwiftPackageReference "Packages/MakeConstraints" */,
			);
			productRefGroup = EE32E27F2B45B1D100675EAE;
			projectDirPath = "";
			projectRoot = "";
			targets = (
				EE32E2872B45B1D100675EAE /* EcoMarket */,
				EE89255F2B5AE1FE0025C166 /* EcoMarketTests */,
			);
		};
/* End PBXProject section */

/* Begin PBXResourcesBuildPhase section */
		EE32E2862B45B1D100675EAE /* Resources */ = {
			isa = PBXResourcesBuildPhase;
			buildActionMask = 2147483647;
			files = (
				D62BD3DC2B6D9487000CF78A /* CartTheme2CollectionViewCell.xib in Resources */,
				EEA6F9D62B58683F00A9E0C2 /* Colors.xcassets in Resources */,
				EE32E2CB2B45B41600675EAE /* .swiftlint.yml in Resources */,
				EE32E2982B45B1D200675EAE /* LaunchScreen.storyboard in Resources */,
				D62F1C432B61E81500FBE349 /* ProductReviewView.xib in Resources */,
				EEA6F9AC2B5866F100A9E0C2 /* LoginViewController.xib in Resources */,
				EE5CA1482B5EF9D500630C5D /* CategoryViewController3.xib in Resources */,
				EEF069B32B5ED20D0063EE80 /* Poppins-Medium.ttf in Resources */,
				EE5CA1582B5F04FD00630C5D /* SearchView.xib in Resources */,
				A1CB8C792B528A4C00316DD4 /* OnboardingData.json in Resources */,
				D62F1C202B616EFA00FBE349 /* ProductDetailsViewController.xib in Resources */,
				EEF069B52B5ED20D0063EE80 /* Poppins-Bold.ttf in Resources */,
				EE5CA14A2B5EF9D500630C5D /* CategoryCollectionViewCell3.xib in Resources */,
				D62F1C5B2B64034A00FBE349 /* StapperView.xib in Resources */,
				EEA6F9D32B58680D00A9E0C2 /* EMTextField.xib in Resources */,
				EEA6F9BD2B5867A800A9E0C2 /* OnboardingCollectionViewCell.xib in Resources */,
				EEF069B22B5ED20D0063EE80 /* Poppins-Regular.ttf in Resources */,
				D62BD4092B73AC61000CF78A /* UserCollectionViewCell.xib in Resources */,
				D62BD3CF2B6D9430000CF78A /* CheckOutCollectionViewCell.xib in Resources */,
				A1CB8C852B53DA6000316DD4 /* SplashViewController.xib in Resources */,
				EE5CA1342B5EF9BF00630C5D /* CategoryTableViewCell.xib in Resources */,
				EE5CA13F2B5EF9CC00630C5D /* CategoryViewController2.xib in Resources */,
				D62BD3D32B6D944C000CF78A /* CartProductCollectionViewCell.xib in Resources */,
				EE32E2C42B45B3D700675EAE /* Localizable.strings in Resources */,
				EEA6F9B12B58670500A9E0C2 /* SignupViewController.xib in Resources */,
				D62BD40D2B73AEE9000CF78A /* ProfileCollectionViewCell.xib in Resources */,
				D62BD3C72B6D93DD000CF78A /* PromoCodeCollectionViewCell.xib in Resources */,
				A1CB8C702B52788600316DD4 /* OnboardingViewController.xib in Resources */,
				A1CB8C8A2B540FCF00316DD4 /* LaunchViewController.xib in Resources */,
				EE32E2952B45B1D200675EAE /* Assets.xcassets in Resources */,
				EEF069B42B5ED20D0063EE80 /* Poppins-SemiBold.ttf in Resources */,
				EE32E2CA2B45B41600675EAE /* swiftgen.yml in Resources */,
				EE5CA1412B5EF9CC00630C5D /* CategoryCollectionViewCell.xib in Resources */,
				EEA6F9B42B58671200A9E0C2 /* SuccessViewController.xib in Resources */,
			);
			runOnlyForDeploymentPostprocessing = 0;
		};
		EE89255E2B5AE1FE0025C166 /* Resources */ = {
			isa = PBXResourcesBuildPhase;
			buildActionMask = 2147483647;
			files = (
			);
			runOnlyForDeploymentPostprocessing = 0;
		};
/* End PBXResourcesBuildPhase section */

/* Begin PBXShellScriptBuildPhase section */
		EE32E2CC2B45B45600675EAE /* swiftgen */ = {
			isa = PBXShellScriptBuildPhase;
			alwaysOutOfDate = 1;
			buildActionMask = 2147483647;
			files = (
			);
			inputFileListPaths = (
			);
			inputPaths = (
			);
			name = swiftgen;
			outputFileListPaths = (
			);
			outputPaths = (
			);
			runOnlyForDeploymentPostprocessing = 0;
			shellPath = /bin/sh;
			shellScript = "# Type a script or drag a script file from your workspace to insert its path.\nexport PATH=\"$PATH:/opt/homebrew/bin\"\nif which swiftgen >/dev/null; then\n  swiftgen\nelse\n  echo \"warning: get not installed, download from https://github.com/realm/SwiftLint\"\nfi \n";
		};
		EE32E2CD2B45B47200675EAE /* swiftlint */ = {
			isa = PBXShellScriptBuildPhase;
			alwaysOutOfDate = 1;
			buildActionMask = 2147483647;
			files = (
			);
			inputFileListPaths = (
			);
			inputPaths = (
			);
			name = swiftlint;
			outputFileListPaths = (
			);
			outputPaths = (
			);
			runOnlyForDeploymentPostprocessing = 0;
			shellPath = /bin/sh;
			shellScript = "export PATH=\"$PATH:/opt/homebrew/bin\"\nif which swiftlint >/dev/null; then\n  swiftlint\nelse\n  echo \"warning: SwiftLint not installed, download from https://github.com/realm/SwiftLint\"\nfi \n";
		};
/* End PBXShellScriptBuildPhase section */

/* Begin PBXSourcesBuildPhase section */
		EE32E2842B45B1D100675EAE /* Sources */ = {
			isa = PBXSourcesBuildPhase;
			buildActionMask = 2147483647;
			files = (
				D62BD3EF2B6FEC0B000CF78A /* ProfileModel.swift in Sources */,
				D62BD3D42B6D944C000CF78A /* CartProductCollectionViewCell.swift in Sources */,
				D6275A062B67E5770069CF9C /* Cart2Model.swift in Sources */,
				EE64D7972B5AB94900C5CBD7 /* EMTabBarViewController.swift in Sources */,
				D62BD40C2B73AEE9000CF78A /* ProfileCollectionViewCell.swift in Sources */,
				EE58F5DA2B5ECF9D0068B93F /* EcoMarketButton.swift in Sources */,
				D62BD4082B73AC61000CF78A /* UserCollectionViewCell.swift in Sources */,
				EE5CA1472B5EF9D500630C5D /* Category3ViewModel.swift in Sources */,
				EE32E2D92B45B7E600675EAE /* Strings+Generated.swift in Sources */,
				EE58F5E42B5ED04F0068B93F /* OnboardingCollectionViewCell.swift in Sources */,
				EE64D79F2B5ABA5400C5CBD7 /* EMTabBarViewModel.swift in Sources */,
				EE64D7992B5AB9CE00C5CBD7 /* EMTabBarItem.swift in Sources */,
				EE64D79D2B5ABA2B00C5CBD7 /* EMTabBarType.swift in Sources */,
				D6E9AB512B73E3EE00BEA301 /* ProfileSection.swift in Sources */,
				EE58F5E62B5ED0710068B93F /* LaunchViewController.swift in Sources */,
				D62F1C1F2B616EFA00FBE349 /* ProductDetailsViewController.swift in Sources */,
				D62F1C452B61EFE800FBE349 /* Product.swift in Sources */,
				D62F1C712B65411100FBE349 /* CartModel.swift in Sources */,
				EE5CA1362B5EF9BF00630C5D /* CategoryViewModel.swift in Sources */,
				EE08DB0A2B68596700A358D9 /* +hexString.swift in Sources */,
				EE5D818F2B641B3E00222466 /* drawOnboardingShape.swift in Sources */,
				EE32E2CF2B45B56700675EAE /* Fonts.swift in Sources */,
				EE95CEC32B4E9D9200BC5524 /* NavigationRouter.swift in Sources */,
				EE58F5DF2B5ECFC50068B93F /* AppImage.swift in Sources */,
				EE5CA1332B5EF9BF00630C5D /* CategoryTableViewCell.swift in Sources */,
				EE5CA13D2B5EF9CC00630C5D /* CategoryCollectionViewCell.swift in Sources */,
				EE58F5EA2B5ED0F20068B93F /* OnboardingModel.swift in Sources */,
				EEA62F542B66D99F00771D99 /* maskCustomProductShape.swift in Sources */,
				EEA6F9A32B58665B00A9E0C2 /* mainWindow.swift in Sources */,
				EE5CA1352B5EF9BF00630C5D /* CategoryViewController1.swift in Sources */,
				EE58F5D82B5ECF850068B93F /* +JSONDecoder.swift in Sources */,
				D62F1C362B61851900FBE349 /* SizeCollectionViewCell.swift in Sources */,
				D62F1C372B61851900FBE349 /* ColorViewButton.swift in Sources */,
				D62BD3CD2B6D9430000CF78A /* CartCheckOutSection.swift in Sources */,
				D62BD3D52B6D944C000CF78A /* CartProductsSection.swift in Sources */,
				EEA6F9AD2B5866F100A9E0C2 /* LoginViewController.swift in Sources */,
				D62F1C3E2B61854500FBE349 /* SizeView.swift in Sources */,
				EE58F5E82B5ED0860068B93F /* SuccessViewController.swift in Sources */,
				D62BD3C62B6D93DD000CF78A /* PromoCodeCollectionViewCell.swift in Sources */,
				EE58F5DE2B5ECFC10068B93F /* AppColor.swift in Sources */,
				D62BD3CE2B6D9430000CF78A /* CheckOutCollectionViewCell.swift in Sources */,
				EE95CEC42B4E9D9200BC5524 /* ModalRouter.swift in Sources */,
				EE95CEC12B4E9D9200BC5524 /* AppRouter.swift in Sources */,
				EE95CEC72B4E9E1600BC5524 /* Logger.swift in Sources */,
				EEA6F9CB2B5867E100A9E0C2 /* AppleButton.swift in Sources */,
				EE58F5DD2B5ECFAB0068B93F /* SocialMediaButton.swift in Sources */,
				D6E9AB542B73EE8100BEA301 /* SectionDecorationView.swift in Sources */,
				EE5CA1372B5EF9BF00630C5D /* CategoryModel.swift in Sources */,
				EE58F5E52B5ED05B0068B93F /* SplashViewController.swift in Sources */,
				D62BD3C82B6D93DD000CF78A /* CartPromoCodeSection.swift in Sources */,
				D6E9AB4F2B73E21000BEA301 /* UserSection.swift in Sources */,
				EEA6F9CD2B5867E100A9E0C2 /* FacebookButton.swift in Sources */,
				D62F1C592B64033E00FBE349 /* StapperView.swift in Sources */,
				D62BD3E02B6E7364000CF78A /* Cart2ProductsSection.swift in Sources */,
				EE58F5E32B5ED0440068B93F /* OnboardingViewModel.swift in Sources */,
				D62F1C692B653E3000FBE349 /* CartViewController.swift in Sources */,
				D62BD3DE2B6D94DB000CF78A /* SectionsLayout.swift in Sources */,
				EE95CEC22B4E9D9200BC5524 /* Router.swift in Sources */,
				EE58F5D62B5ECF5C0068B93F /* +topMostViewController.swift in Sources */,
				EE58F5DC2B5ECFA80068B93F /* PrimaryButton.swift in Sources */,
				EE32E28C2B45B1D100675EAE /* AppDelegate.swift in Sources */,
				A1CB8C6F2B52788600316DD4 /* OnboardingViewController.swift in Sources */,
				EE5CA13E2B5EF9CC00630C5D /* Category2ViewModel.swift in Sources */,
				EE58F5D72B5ECF7F0068B93F /* parentViewController.swift in Sources */,
				A1CB8C7C2B5294AA00316DD4 /* UICollectionVeiw+Extension.swift in Sources */,
				D62F1C3F2B61854500FBE349 /* ColorView.swift in Sources */,
				EE58F5DB2B5ECFA30068B93F /* GoogleButton.swift in Sources */,
				EE5CA1552B5F033100630C5D /* SearchView.swift in Sources */,
				EE5CA1402B5EF9CC00630C5D /* CategoryViewController2.swift in Sources */,
				D62759FF2B67DC7A0069CF9C /* CartTheme2CollectionViewController.swift in Sources */,
				D62BD3DB2B6D9487000CF78A /* CartTheme2CollectionViewCell.swift in Sources */,
				EE58F5D92B5ECF910068B93F /* EMTextField.swift in Sources */,
				D62F1C412B61E80600FBE349 /* ProductReviewView.swift in Sources */,
				EE5CA1492B5EF9D500630C5D /* CategoryViewController3.swift in Sources */,
				EE32E28E2B45B1D100675EAE /* SceneDelegate.swift in Sources */,
				EE5CA14E2B5EFB0500630C5D /* UITableView+Extension.swift in Sources */,
				EE5CA14B2B5EF9D500630C5D /* CategoryCollectionViewCell3.swift in Sources */,
				EE58F5E22B5ED01F0068B93F /* FlexiblePageControl.swift in Sources */,
				EE64D79B2B5ABA0900C5CBD7 /* EMTabBar.swift in Sources */,
				EE58F5E72B5ED0800068B93F /* SignupViewController.swift in Sources */,
				D62BD40F2B73B250000CF78A /* ProfileCollectionViewController.swift in Sources */,
				D62F1C612B64292300FBE349 /* SizeCollectionView.swift in Sources */,
			);
			runOnlyForDeploymentPostprocessing = 0;
		};
		EE89255C2B5AE1FE0025C166 /* Sources */ = {
			isa = PBXSourcesBuildPhase;
			buildActionMask = 2147483647;
			files = (
				EE58F5E12B5ED0100068B93F /* OnboardingTests.swift in Sources */,
			);
			runOnlyForDeploymentPostprocessing = 0;
		};
/* End PBXSourcesBuildPhase section */

/* Begin PBXTargetDependency section */
		EE8925652B5AE1FE0025C166 /* PBXTargetDependency */ = {
			isa = PBXTargetDependency;
			target = EE32E2872B45B1D100675EAE /* EcoMarket */;
			targetProxy = EE8925642B5AE1FE0025C166 /* PBXContainerItemProxy */;
		};
/* End PBXTargetDependency section */

/* Begin PBXVariantGroup section */
		EE32E2962B45B1D200675EAE /* LaunchScreen.storyboard */ = {
			isa = PBXVariantGroup;
			children = (
				EE32E2972B45B1D200675EAE /* Base */,
				EE32E2BB2B45B26400675EAE /* ar */,
			);
			name = LaunchScreen.storyboard;
			sourceTree = "<group>";
		};
		EE32E2C62B45B3D700675EAE /* Localizable.strings */ = {
			isa = PBXVariantGroup;
			children = (
				EE32E2C52B45B3D700675EAE /* en */,
				EE32E2C72B45B3D900675EAE /* ar */,
			);
			name = Localizable.strings;
			sourceTree = "<group>";
		};
/* End PBXVariantGroup section */

/* Begin XCBuildConfiguration section */
		EE32E2B02B45B1D300675EAE /* Debug */ = {
			isa = XCBuildConfiguration;
			buildSettings = {
				ALWAYS_SEARCH_USER_PATHS = NO;
				ASSETCATALOG_COMPILER_GENERATE_SWIFT_ASSET_SYMBOL_EXTENSIONS = YES;
				CLANG_ANALYZER_LOCALIZABILITY_NONLOCALIZED = YES;
				CLANG_ANALYZER_NONNULL = YES;
				CLANG_ANALYZER_NUMBER_OBJECT_CONVERSION = YES_AGGRESSIVE;
				CLANG_CXX_LANGUAGE_STANDARD = "gnu++20";
				CLANG_ENABLE_MODULES = YES;
				CLANG_ENABLE_OBJC_ARC = YES;
				CLANG_ENABLE_OBJC_WEAK = YES;
				CLANG_WARN_BLOCK_CAPTURE_AUTORELEASING = YES;
				CLANG_WARN_BOOL_CONVERSION = YES;
				CLANG_WARN_COMMA = YES;
				CLANG_WARN_CONSTANT_CONVERSION = YES;
				CLANG_WARN_DEPRECATED_OBJC_IMPLEMENTATIONS = YES;
				CLANG_WARN_DIRECT_OBJC_ISA_USAGE = YES_ERROR;
				CLANG_WARN_DOCUMENTATION_COMMENTS = YES;
				CLANG_WARN_EMPTY_BODY = YES;
				CLANG_WARN_ENUM_CONVERSION = YES;
				CLANG_WARN_INFINITE_RECURSION = YES;
				CLANG_WARN_INT_CONVERSION = YES;
				CLANG_WARN_NON_LITERAL_NULL_CONVERSION = YES;
				CLANG_WARN_OBJC_IMPLICIT_RETAIN_SELF = YES;
				CLANG_WARN_OBJC_LITERAL_CONVERSION = YES;
				CLANG_WARN_OBJC_ROOT_CLASS = YES_ERROR;
				CLANG_WARN_QUOTED_INCLUDE_IN_FRAMEWORK_HEADER = YES;
				CLANG_WARN_RANGE_LOOP_ANALYSIS = YES;
				CLANG_WARN_STRICT_PROTOTYPES = YES;
				CLANG_WARN_SUSPICIOUS_MOVE = YES;
				CLANG_WARN_UNGUARDED_AVAILABILITY = YES_AGGRESSIVE;
				CLANG_WARN_UNREACHABLE_CODE = YES;
				CLANG_WARN__DUPLICATE_METHOD_MATCH = YES;
				COPY_PHASE_STRIP = NO;
				DEBUG_INFORMATION_FORMAT = dwarf;
				ENABLE_STRICT_OBJC_MSGSEND = YES;
				ENABLE_TESTABILITY = YES;
				ENABLE_USER_SCRIPT_SANDBOXING = NO;
				GCC_C_LANGUAGE_STANDARD = gnu17;
				GCC_DYNAMIC_NO_PIC = NO;
				GCC_NO_COMMON_BLOCKS = YES;
				GCC_OPTIMIZATION_LEVEL = 0;
				GCC_PREPROCESSOR_DEFINITIONS = (
					"DEBUG=1",
					"$(inherited)",
				);
				GCC_WARN_64_TO_32_BIT_CONVERSION = YES;
				GCC_WARN_ABOUT_RETURN_TYPE = YES_ERROR;
				GCC_WARN_UNDECLARED_SELECTOR = YES;
				GCC_WARN_UNINITIALIZED_AUTOS = YES_AGGRESSIVE;
				GCC_WARN_UNUSED_FUNCTION = YES;
				GCC_WARN_UNUSED_VARIABLE = YES;
				IPHONEOS_DEPLOYMENT_TARGET = 14.0;
				LOCALIZATION_PREFERS_STRING_CATALOGS = YES;
				MTL_ENABLE_DEBUG_INFO = INCLUDE_SOURCE;
				MTL_FAST_MATH = YES;
				ONLY_ACTIVE_ARCH = YES;
				SDKROOT = iphoneos;
				SWIFT_ACTIVE_COMPILATION_CONDITIONS = "DEBUG $(inherited)";
				SWIFT_OPTIMIZATION_LEVEL = "-Onone";
			};
			name = Debug;
		};
		EE32E2B12B45B1D300675EAE /* Release */ = {
			isa = XCBuildConfiguration;
			buildSettings = {
				ALWAYS_SEARCH_USER_PATHS = NO;
				ASSETCATALOG_COMPILER_GENERATE_SWIFT_ASSET_SYMBOL_EXTENSIONS = YES;
				CLANG_ANALYZER_LOCALIZABILITY_NONLOCALIZED = YES;
				CLANG_ANALYZER_NONNULL = YES;
				CLANG_ANALYZER_NUMBER_OBJECT_CONVERSION = YES_AGGRESSIVE;
				CLANG_CXX_LANGUAGE_STANDARD = "gnu++20";
				CLANG_ENABLE_MODULES = YES;
				CLANG_ENABLE_OBJC_ARC = YES;
				CLANG_ENABLE_OBJC_WEAK = YES;
				CLANG_WARN_BLOCK_CAPTURE_AUTORELEASING = YES;
				CLANG_WARN_BOOL_CONVERSION = YES;
				CLANG_WARN_COMMA = YES;
				CLANG_WARN_CONSTANT_CONVERSION = YES;
				CLANG_WARN_DEPRECATED_OBJC_IMPLEMENTATIONS = YES;
				CLANG_WARN_DIRECT_OBJC_ISA_USAGE = YES_ERROR;
				CLANG_WARN_DOCUMENTATION_COMMENTS = YES;
				CLANG_WARN_EMPTY_BODY = YES;
				CLANG_WARN_ENUM_CONVERSION = YES;
				CLANG_WARN_INFINITE_RECURSION = YES;
				CLANG_WARN_INT_CONVERSION = YES;
				CLANG_WARN_NON_LITERAL_NULL_CONVERSION = YES;
				CLANG_WARN_OBJC_IMPLICIT_RETAIN_SELF = YES;
				CLANG_WARN_OBJC_LITERAL_CONVERSION = YES;
				CLANG_WARN_OBJC_ROOT_CLASS = YES_ERROR;
				CLANG_WARN_QUOTED_INCLUDE_IN_FRAMEWORK_HEADER = YES;
				CLANG_WARN_RANGE_LOOP_ANALYSIS = YES;
				CLANG_WARN_STRICT_PROTOTYPES = YES;
				CLANG_WARN_SUSPICIOUS_MOVE = YES;
				CLANG_WARN_UNGUARDED_AVAILABILITY = YES_AGGRESSIVE;
				CLANG_WARN_UNREACHABLE_CODE = YES;
				CLANG_WARN__DUPLICATE_METHOD_MATCH = YES;
				COPY_PHASE_STRIP = NO;
				DEBUG_INFORMATION_FORMAT = "dwarf-with-dsym";
				ENABLE_NS_ASSERTIONS = NO;
				ENABLE_STRICT_OBJC_MSGSEND = YES;
				ENABLE_USER_SCRIPT_SANDBOXING = NO;
				GCC_C_LANGUAGE_STANDARD = gnu17;
				GCC_NO_COMMON_BLOCKS = YES;
				GCC_WARN_64_TO_32_BIT_CONVERSION = YES;
				GCC_WARN_ABOUT_RETURN_TYPE = YES_ERROR;
				GCC_WARN_UNDECLARED_SELECTOR = YES;
				GCC_WARN_UNINITIALIZED_AUTOS = YES_AGGRESSIVE;
				GCC_WARN_UNUSED_FUNCTION = YES;
				GCC_WARN_UNUSED_VARIABLE = YES;
				IPHONEOS_DEPLOYMENT_TARGET = 14.0;
				LOCALIZATION_PREFERS_STRING_CATALOGS = YES;
				MTL_ENABLE_DEBUG_INFO = NO;
				MTL_FAST_MATH = YES;
				SDKROOT = iphoneos;
				SWIFT_COMPILATION_MODE = wholemodule;
				VALIDATE_PRODUCT = YES;
			};
			name = Release;
		};
		EE32E2B32B45B1D300675EAE /* Debug */ = {
			isa = XCBuildConfiguration;
			buildSettings = {
				ASSETCATALOG_COMPILER_APPICON_NAME = AppIcon;
				ASSETCATALOG_COMPILER_GLOBAL_ACCENT_COLOR_NAME = AccentColor;
				CODE_SIGN_STYLE = Automatic;
				CURRENT_PROJECT_VERSION = 1;
				DEVELOPMENT_TEAM = 4U8DMJ33ZN;
				GENERATE_INFOPLIST_FILE = YES;
				INFOPLIST_FILE = EcoMarket/Info.plist;
				INFOPLIST_KEY_CFBundleDisplayName = "Eco Market";
				INFOPLIST_KEY_LSApplicationCategoryType = "public.app-category.shopping";
				INFOPLIST_KEY_UIApplicationSupportsIndirectInputEvents = YES;
				INFOPLIST_KEY_UILaunchStoryboardName = LaunchScreen;
				INFOPLIST_KEY_UISupportedInterfaceOrientations_iPad = "UIInterfaceOrientationPortrait UIInterfaceOrientationPortraitUpsideDown UIInterfaceOrientationLandscapeLeft UIInterfaceOrientationLandscapeRight";
				INFOPLIST_KEY_UISupportedInterfaceOrientations_iPhone = "UIInterfaceOrientationPortrait UIInterfaceOrientationLandscapeLeft UIInterfaceOrientationLandscapeRight";
				LD_RUNPATH_SEARCH_PATHS = (
					"$(inherited)",
					"@executable_path/Frameworks",
				);
				MARKETING_VERSION = 1.0;
				PRODUCT_BUNDLE_IDENTIFIER = com.yamany.EcoMarket;
				PRODUCT_NAME = "$(TARGET_NAME)";
				SWIFT_EMIT_LOC_STRINGS = YES;
				SWIFT_VERSION = 5.0;
				TARGETED_DEVICE_FAMILY = "1,2";
			};
			name = Debug;
		};
		EE32E2B42B45B1D300675EAE /* Release */ = {
			isa = XCBuildConfiguration;
			buildSettings = {
				ASSETCATALOG_COMPILER_APPICON_NAME = AppIcon;
				ASSETCATALOG_COMPILER_GLOBAL_ACCENT_COLOR_NAME = AccentColor;
				CODE_SIGN_STYLE = Automatic;
				CURRENT_PROJECT_VERSION = 1;
				DEVELOPMENT_TEAM = 4U8DMJ33ZN;
				GENERATE_INFOPLIST_FILE = YES;
				INFOPLIST_FILE = EcoMarket/Info.plist;
				INFOPLIST_KEY_CFBundleDisplayName = "Eco Market";
				INFOPLIST_KEY_LSApplicationCategoryType = "public.app-category.shopping";
				INFOPLIST_KEY_UIApplicationSupportsIndirectInputEvents = YES;
				INFOPLIST_KEY_UILaunchStoryboardName = LaunchScreen;
				INFOPLIST_KEY_UISupportedInterfaceOrientations_iPad = "UIInterfaceOrientationPortrait UIInterfaceOrientationPortraitUpsideDown UIInterfaceOrientationLandscapeLeft UIInterfaceOrientationLandscapeRight";
				INFOPLIST_KEY_UISupportedInterfaceOrientations_iPhone = "UIInterfaceOrientationPortrait UIInterfaceOrientationLandscapeLeft UIInterfaceOrientationLandscapeRight";
				LD_RUNPATH_SEARCH_PATHS = (
					"$(inherited)",
					"@executable_path/Frameworks",
				);
				MARKETING_VERSION = 1.0;
				PRODUCT_BUNDLE_IDENTIFIER = com.yamany.EcoMarket;
				PRODUCT_NAME = "$(TARGET_NAME)";
				SWIFT_EMIT_LOC_STRINGS = YES;
				SWIFT_VERSION = 5.0;
				TARGETED_DEVICE_FAMILY = "1,2";
			};
			name = Release;
		};
		EE8925672B5AE1FE0025C166 /* Debug */ = {
			isa = XCBuildConfiguration;
			buildSettings = {
				BUNDLE_LOADER = "$(TEST_HOST)";
				CLANG_ENABLE_MODULES = YES;
				CODE_SIGN_STYLE = Automatic;
				CURRENT_PROJECT_VERSION = 1;
				DEVELOPMENT_TEAM = 4U8DMJ33ZN;
				ENABLE_USER_SCRIPT_SANDBOXING = YES;
				GENERATE_INFOPLIST_FILE = YES;
				IPHONEOS_DEPLOYMENT_TARGET = 17.0;
				MARKETING_VERSION = 1.0;
				PRODUCT_BUNDLE_IDENTIFIER = com.yamany.EcoMarketTests;
				PRODUCT_NAME = "$(TARGET_NAME)";
				SWIFT_EMIT_LOC_STRINGS = NO;
				SWIFT_OPTIMIZATION_LEVEL = "-Onone";
				SWIFT_VERSION = 5.0;
				TARGETED_DEVICE_FAMILY = "1,2";
				TEST_HOST = "$(BUILT_PRODUCTS_DIR)/EcoMarket.app/$(BUNDLE_EXECUTABLE_FOLDER_PATH)/EcoMarket";
			};
			name = Debug;
		};
		EE8925682B5AE1FE0025C166 /* Release */ = {
			isa = XCBuildConfiguration;
			buildSettings = {
				BUNDLE_LOADER = "$(TEST_HOST)";
				CLANG_ENABLE_MODULES = YES;
				CODE_SIGN_STYLE = Automatic;
				CURRENT_PROJECT_VERSION = 1;
				DEVELOPMENT_TEAM = 4U8DMJ33ZN;
				ENABLE_USER_SCRIPT_SANDBOXING = YES;
				GENERATE_INFOPLIST_FILE = YES;
				IPHONEOS_DEPLOYMENT_TARGET = 17.0;
				MARKETING_VERSION = 1.0;
				PRODUCT_BUNDLE_IDENTIFIER = com.yamany.EcoMarketTests;
				PRODUCT_NAME = "$(TARGET_NAME)";
				SWIFT_EMIT_LOC_STRINGS = NO;
				SWIFT_VERSION = 5.0;
				TARGETED_DEVICE_FAMILY = "1,2";
				TEST_HOST = "$(BUILT_PRODUCTS_DIR)/EcoMarket.app/$(BUNDLE_EXECUTABLE_FOLDER_PATH)/EcoMarket";
			};
			name = Release;
		};
/* End XCBuildConfiguration section */

/* Begin XCConfigurationList section */
		EE32E2832B45B1D100675EAE /* Build configuration list for PBXProject "EcoMarket" */ = {
			isa = XCConfigurationList;
			buildConfigurations = (
				EE32E2B02B45B1D300675EAE /* Debug */,
				EE32E2B12B45B1D300675EAE /* Release */,
			);
			defaultConfigurationIsVisible = 0;
			defaultConfigurationName = Release;
		};
		EE32E2B22B45B1D300675EAE /* Build configuration list for PBXNativeTarget "EcoMarket" */ = {
			isa = XCConfigurationList;
			buildConfigurations = (
				EE32E2B32B45B1D300675EAE /* Debug */,
				EE32E2B42B45B1D300675EAE /* Release */,
			);
			defaultConfigurationIsVisible = 0;
			defaultConfigurationName = Release;
		};
		EE8925662B5AE1FE0025C166 /* Build configuration list for PBXNativeTarget "EcoMarketTests" */ = {
			isa = XCConfigurationList;
			buildConfigurations = (
				EE8925672B5AE1FE0025C166 /* Debug */,
				EE8925682B5AE1FE0025C166 /* Release */,
			);
			defaultConfigurationIsVisible = 0;
			defaultConfigurationName = Release;
		};
/* End XCConfigurationList section */

/* Begin XCLocalSwiftPackageReference section */
		EE11B1F92B570EAF0077F5AA /* XCLocalSwiftPackageReference "Packages/MakeConstraints" */ = {
			isa = XCLocalSwiftPackageReference;
			relativePath = Packages/MakeConstraints;
		};
/* End XCLocalSwiftPackageReference section */

/* Begin XCSwiftPackageProductDependency section */
		EE11B1FA2B570EAF0077F5AA /* MakeConstraints */ = {
			isa = XCSwiftPackageProductDependency;
			productName = MakeConstraints;
		};
/* End XCSwiftPackageProductDependency section */
	};
	rootObject = EE32E2802B45B1D100675EAE /* Project object */;
}
