// !$*UTF8*$!
{
	archiveVersion = 1;
	classes = {
	};
	objectVersion = 56;
	objects = {

/* Begin PBXBuildFile section */
		7F4292CC2B5321C800DDAE6A /* HomeTheme1VC.swift in Sources */ = {isa = PBXBuildFile; fileRef = 7F4292CA2B5321C800DDAE6A /* HomeTheme1VC.swift */; };
		7F4292CD2B5321C800DDAE6A /* HomeTheme1VC.xib in Resources */ = {isa = PBXBuildFile; fileRef = 7F4292CB2B5321C800DDAE6A /* HomeTheme1VC.xib */; };
		7F52B1A12B561D660040211B /* MockData.swift in Sources */ = {isa = PBXBuildFile; fileRef = 7F52B1A02B561D660040211B /* MockData.swift */; };
		7F52B1A42B561D8C0040211B /* Item.swift in Sources */ = {isa = PBXBuildFile; fileRef = 7F52B1A32B561D8C0040211B /* Item.swift */; };
		7F5ACC432B53323F00DC7B86 /* UIView.swift in Sources */ = {isa = PBXBuildFile; fileRef = 7F5ACC422B53323F00DC7B86 /* UIView.swift */; };
		7F7D36C72B5578CE000B9150 /* SectionLayoutProtocols.swift in Sources */ = {isa = PBXBuildFile; fileRef = 7F7D36C62B5578CE000B9150 /* SectionLayoutProtocols.swift */; };
		7F7D36C92B5578FF000B9150 /* AdsSectionProvider.swift in Sources */ = {isa = PBXBuildFile; fileRef = 7F7D36C82B5578FF000B9150 /* AdsSectionProvider.swift */; };
		7F7D36CB2B558486000B9150 /* ProductSectionProvider.swift in Sources */ = {isa = PBXBuildFile; fileRef = 7F7D36CA2B558486000B9150 /* ProductSectionProvider.swift */; };
		7FDF42042B53381300606E44 /* SearchCustomView.swift in Sources */ = {isa = PBXBuildFile; fileRef = 7FDF42032B53381300606E44 /* SearchCustomView.swift */; };
		7FDF42062B53382D00606E44 /* SearchCustomView.xib in Resources */ = {isa = PBXBuildFile; fileRef = 7FDF42052B53382D00606E44 /* SearchCustomView.xib */; };
		7FDF420A2B533CE200606E44 /* HeaderView.swift in Sources */ = {isa = PBXBuildFile; fileRef = 7FDF42082B533CE200606E44 /* HeaderView.swift */; };
		7FDF420B2B533CE200606E44 /* HeaderView.xib in Resources */ = {isa = PBXBuildFile; fileRef = 7FDF42092B533CE200606E44 /* HeaderView.xib */; };
		7FF0D1EA2B52C957006F2A9A /* AdsCollectionViewCell.swift in Sources */ = {isa = PBXBuildFile; fileRef = 7FF0D1E82B52C957006F2A9A /* AdsCollectionViewCell.swift */; };
		7FF0D1EB2B52C957006F2A9A /* AdsCollectionViewCell.xib in Resources */ = {isa = PBXBuildFile; fileRef = 7FF0D1E92B52C957006F2A9A /* AdsCollectionViewCell.xib */; };
		7FF0D1EF2B52D838006F2A9A /* ProductListCollectionViewCell.swift in Sources */ = {isa = PBXBuildFile; fileRef = 7FF0D1ED2B52D838006F2A9A /* ProductListCollectionViewCell.swift */; };
		7FF0D1F02B52D838006F2A9A /* ProductListCollectionViewCell.xib in Resources */ = {isa = PBXBuildFile; fileRef = 7FF0D1EE2B52D838006F2A9A /* ProductListCollectionViewCell.xib */; };
		EE32E28C2B45B1D100675EAE /* AppDelegate.swift in Sources */ = {isa = PBXBuildFile; fileRef = EE32E28B2B45B1D100675EAE /* AppDelegate.swift */; };
		EE32E28E2B45B1D100675EAE /* SceneDelegate.swift in Sources */ = {isa = PBXBuildFile; fileRef = EE32E28D2B45B1D100675EAE /* SceneDelegate.swift */; };
		EE32E2902B45B1D100675EAE /* ViewController.swift in Sources */ = {isa = PBXBuildFile; fileRef = EE32E28F2B45B1D100675EAE /* ViewController.swift */; };
		EE32E2952B45B1D200675EAE /* Assets.xcassets in Resources */ = {isa = PBXBuildFile; fileRef = EE32E2942B45B1D200675EAE /* Assets.xcassets */; };
		EE32E2982B45B1D200675EAE /* LaunchScreen.storyboard in Resources */ = {isa = PBXBuildFile; fileRef = EE32E2962B45B1D200675EAE /* LaunchScreen.storyboard */; };
		EE32E2A32B45B1D300675EAE /* EcoMarketTests.swift in Sources */ = {isa = PBXBuildFile; fileRef = EE32E2A22B45B1D300675EAE /* EcoMarketTests.swift */; };
		EE32E2AD2B45B1D300675EAE /* EcoMarketUITests.swift in Sources */ = {isa = PBXBuildFile; fileRef = EE32E2AC2B45B1D300675EAE /* EcoMarketUITests.swift */; };
		EE32E2AF2B45B1D300675EAE /* EcoMarketUITestsLaunchTests.swift in Sources */ = {isa = PBXBuildFile; fileRef = EE32E2AE2B45B1D300675EAE /* EcoMarketUITestsLaunchTests.swift */; };
		EE32E2C42B45B3D700675EAE /* Localizable.strings in Resources */ = {isa = PBXBuildFile; fileRef = EE32E2C62B45B3D700675EAE /* Localizable.strings */; };
		EE32E2CA2B45B41600675EAE /* swiftgen.yml in Resources */ = {isa = PBXBuildFile; fileRef = EE32E2C82B45B41600675EAE /* swiftgen.yml */; };
		EE32E2CB2B45B41600675EAE /* .swiftlint.yml in Resources */ = {isa = PBXBuildFile; fileRef = EE32E2C92B45B41600675EAE /* .swiftlint.yml */; };
		EE32E2CF2B45B56700675EAE /* Fonts.swift in Sources */ = {isa = PBXBuildFile; fileRef = EE32E2CE2B45B56700675EAE /* Fonts.swift */; };
		EE32E2D22B45B6B400675EAE /* Colors.xcassets in Resources */ = {isa = PBXBuildFile; fileRef = EE32E2D12B45B6B400675EAE /* Colors.xcassets */; };
		EE32E2D92B45B7E600675EAE /* Strings+Generated.swift in Sources */ = {isa = PBXBuildFile; fileRef = EE32E2D82B45B7E600675EAE /* Strings+Generated.swift */; };
		EE95CEC12B4E9D9200BC5524 /* AppRouter.swift in Sources */ = {isa = PBXBuildFile; fileRef = EE95CEBD2B4E9D9200BC5524 /* AppRouter.swift */; };
		EE95CEC22B4E9D9200BC5524 /* Router.swift in Sources */ = {isa = PBXBuildFile; fileRef = EE95CEBE2B4E9D9200BC5524 /* Router.swift */; };
		EE95CEC32B4E9D9200BC5524 /* NavigationRouter.swift in Sources */ = {isa = PBXBuildFile; fileRef = EE95CEBF2B4E9D9200BC5524 /* NavigationRouter.swift */; };
		EE95CEC42B4E9D9200BC5524 /* ModalRouter.swift in Sources */ = {isa = PBXBuildFile; fileRef = EE95CEC02B4E9D9200BC5524 /* ModalRouter.swift */; };
		EE95CEC72B4E9E1600BC5524 /* Logger.swift in Sources */ = {isa = PBXBuildFile; fileRef = EE95CEC62B4E9E1600BC5524 /* Logger.swift */; };
		EE95CECA2B4E9EE800BC5524 /* mainWindow.swift in Sources */ = {isa = PBXBuildFile; fileRef = EE95CEC92B4E9EE800BC5524 /* mainWindow.swift */; };
		EE95CECD2B4E9EF800BC5524 /* parentViewController.swift in Sources */ = {isa = PBXBuildFile; fileRef = EE95CECC2B4E9EF800BC5524 /* parentViewController.swift */; };
		EE95CED02B4E9F0800BC5524 /* +topMostViewController.swift in Sources */ = {isa = PBXBuildFile; fileRef = EE95CECF2B4E9F0800BC5524 /* +topMostViewController.swift */; };
/* End PBXBuildFile section */

/* Begin PBXContainerItemProxy section */
		EE32E29F2B45B1D300675EAE /* PBXContainerItemProxy */ = {
			isa = PBXContainerItemProxy;
			containerPortal = EE32E2802B45B1D100675EAE /* Project object */;
			proxyType = 1;
			remoteGlobalIDString = EE32E2872B45B1D100675EAE;
			remoteInfo = EcoMarket;
		};
		EE32E2A92B45B1D300675EAE /* PBXContainerItemProxy */ = {
			isa = PBXContainerItemProxy;
			containerPortal = EE32E2802B45B1D100675EAE /* Project object */;
			proxyType = 1;
			remoteGlobalIDString = EE32E2872B45B1D100675EAE;
			remoteInfo = EcoMarket;
		};
/* End PBXContainerItemProxy section */

/* Begin PBXFileReference section */
		7F4292CA2B5321C800DDAE6A /* HomeTheme1VC.swift */ = {isa = PBXFileReference; lastKnownFileType = sourcecode.swift; path = HomeTheme1VC.swift; sourceTree = "<group>"; };
		7F4292CB2B5321C800DDAE6A /* HomeTheme1VC.xib */ = {isa = PBXFileReference; lastKnownFileType = file.xib; path = HomeTheme1VC.xib; sourceTree = "<group>"; };
		7F52B1A02B561D660040211B /* MockData.swift */ = {isa = PBXFileReference; lastKnownFileType = sourcecode.swift; path = MockData.swift; sourceTree = "<group>"; };
		7F52B1A32B561D8C0040211B /* Item.swift */ = {isa = PBXFileReference; lastKnownFileType = sourcecode.swift; path = Item.swift; sourceTree = "<group>"; };
		7F5ACC422B53323F00DC7B86 /* UIView.swift */ = {isa = PBXFileReference; lastKnownFileType = sourcecode.swift; path = UIView.swift; sourceTree = "<group>"; };
		7F7D36C62B5578CE000B9150 /* SectionLayoutProtocols.swift */ = {isa = PBXFileReference; lastKnownFileType = sourcecode.swift; path = SectionLayoutProtocols.swift; sourceTree = "<group>"; };
		7F7D36C82B5578FF000B9150 /* AdsSectionProvider.swift */ = {isa = PBXFileReference; lastKnownFileType = sourcecode.swift; path = AdsSectionProvider.swift; sourceTree = "<group>"; };
		7F7D36CA2B558486000B9150 /* ProductSectionProvider.swift */ = {isa = PBXFileReference; lastKnownFileType = sourcecode.swift; path = ProductSectionProvider.swift; sourceTree = "<group>"; };
		7FDF42032B53381300606E44 /* SearchCustomView.swift */ = {isa = PBXFileReference; lastKnownFileType = sourcecode.swift; path = SearchCustomView.swift; sourceTree = "<group>"; };
		7FDF42052B53382D00606E44 /* SearchCustomView.xib */ = {isa = PBXFileReference; lastKnownFileType = file.xib; path = SearchCustomView.xib; sourceTree = "<group>"; };
		7FDF42082B533CE200606E44 /* HeaderView.swift */ = {isa = PBXFileReference; lastKnownFileType = sourcecode.swift; path = HeaderView.swift; sourceTree = "<group>"; };
		7FDF42092B533CE200606E44 /* HeaderView.xib */ = {isa = PBXFileReference; lastKnownFileType = file.xib; path = HeaderView.xib; sourceTree = "<group>"; };
		7FF0D1E82B52C957006F2A9A /* AdsCollectionViewCell.swift */ = {isa = PBXFileReference; lastKnownFileType = sourcecode.swift; path = AdsCollectionViewCell.swift; sourceTree = "<group>"; };
		7FF0D1E92B52C957006F2A9A /* AdsCollectionViewCell.xib */ = {isa = PBXFileReference; lastKnownFileType = file.xib; path = AdsCollectionViewCell.xib; sourceTree = "<group>"; };
		7FF0D1ED2B52D838006F2A9A /* ProductListCollectionViewCell.swift */ = {isa = PBXFileReference; lastKnownFileType = sourcecode.swift; path = ProductListCollectionViewCell.swift; sourceTree = "<group>"; };
		7FF0D1EE2B52D838006F2A9A /* ProductListCollectionViewCell.xib */ = {isa = PBXFileReference; lastKnownFileType = file.xib; path = ProductListCollectionViewCell.xib; sourceTree = "<group>"; };
		EE32E2882B45B1D100675EAE /* EcoMarket.app */ = {isa = PBXFileReference; explicitFileType = wrapper.application; includeInIndex = 0; path = EcoMarket.app; sourceTree = BUILT_PRODUCTS_DIR; };
		EE32E28B2B45B1D100675EAE /* AppDelegate.swift */ = {isa = PBXFileReference; lastKnownFileType = sourcecode.swift; path = AppDelegate.swift; sourceTree = "<group>"; };
		EE32E28D2B45B1D100675EAE /* SceneDelegate.swift */ = {isa = PBXFileReference; lastKnownFileType = sourcecode.swift; path = SceneDelegate.swift; sourceTree = "<group>"; };
		EE32E28F2B45B1D100675EAE /* ViewController.swift */ = {isa = PBXFileReference; lastKnownFileType = sourcecode.swift; path = ViewController.swift; sourceTree = "<group>"; };
		EE32E2942B45B1D200675EAE /* Assets.xcassets */ = {isa = PBXFileReference; lastKnownFileType = folder.assetcatalog; path = Assets.xcassets; sourceTree = "<group>"; };
		EE32E2972B45B1D200675EAE /* Base */ = {isa = PBXFileReference; lastKnownFileType = file.storyboard; name = Base; path = Base.lproj/LaunchScreen.storyboard; sourceTree = "<group>"; };
		EE32E2992B45B1D200675EAE /* Info.plist */ = {isa = PBXFileReference; lastKnownFileType = text.plist.xml; path = Info.plist; sourceTree = "<group>"; };
		EE32E29E2B45B1D300675EAE /* EcoMarketTests.xctest */ = {isa = PBXFileReference; explicitFileType = wrapper.cfbundle; includeInIndex = 0; path = EcoMarketTests.xctest; sourceTree = BUILT_PRODUCTS_DIR; };
		EE32E2A22B45B1D300675EAE /* EcoMarketTests.swift */ = {isa = PBXFileReference; lastKnownFileType = sourcecode.swift; path = EcoMarketTests.swift; sourceTree = "<group>"; };
		EE32E2A82B45B1D300675EAE /* EcoMarketUITests.xctest */ = {isa = PBXFileReference; explicitFileType = wrapper.cfbundle; includeInIndex = 0; path = EcoMarketUITests.xctest; sourceTree = BUILT_PRODUCTS_DIR; };
		EE32E2AC2B45B1D300675EAE /* EcoMarketUITests.swift */ = {isa = PBXFileReference; lastKnownFileType = sourcecode.swift; path = EcoMarketUITests.swift; sourceTree = "<group>"; };
		EE32E2AE2B45B1D300675EAE /* EcoMarketUITestsLaunchTests.swift */ = {isa = PBXFileReference; lastKnownFileType = sourcecode.swift; path = EcoMarketUITestsLaunchTests.swift; sourceTree = "<group>"; };
		EE32E2BB2B45B26400675EAE /* ar */ = {isa = PBXFileReference; lastKnownFileType = text.plist.strings; name = ar; path = ar.lproj/LaunchScreen.strings; sourceTree = "<group>"; };
		EE32E2C52B45B3D700675EAE /* en */ = {isa = PBXFileReference; lastKnownFileType = text.plist.strings; name = en; path = en.lproj/Localizable.strings; sourceTree = "<group>"; };
		EE32E2C72B45B3D900675EAE /* ar */ = {isa = PBXFileReference; lastKnownFileType = text.plist.strings; name = ar; path = ar.lproj/Localizable.strings; sourceTree = "<group>"; };
		EE32E2C82B45B41600675EAE /* swiftgen.yml */ = {isa = PBXFileReference; fileEncoding = 4; lastKnownFileType = text.yaml; path = swiftgen.yml; sourceTree = "<group>"; };
		EE32E2C92B45B41600675EAE /* .swiftlint.yml */ = {isa = PBXFileReference; fileEncoding = 4; lastKnownFileType = text.yaml; path = .swiftlint.yml; sourceTree = "<group>"; };
		EE32E2CE2B45B56700675EAE /* Fonts.swift */ = {isa = PBXFileReference; lastKnownFileType = sourcecode.swift; path = Fonts.swift; sourceTree = "<group>"; };
		EE32E2D12B45B6B400675EAE /* Colors.xcassets */ = {isa = PBXFileReference; lastKnownFileType = folder.assetcatalog; path = Colors.xcassets; sourceTree = "<group>"; };
		EE32E2D82B45B7E600675EAE /* Strings+Generated.swift */ = {isa = PBXFileReference; fileEncoding = 4; lastKnownFileType = sourcecode.swift; name = "Strings+Generated.swift"; path = "Resources/Generated/Strings+Generated.swift"; sourceTree = SOURCE_ROOT; };
		EE95CEBD2B4E9D9200BC5524 /* AppRouter.swift */ = {isa = PBXFileReference; fileEncoding = 4; lastKnownFileType = sourcecode.swift; path = AppRouter.swift; sourceTree = "<group>"; };
		EE95CEBE2B4E9D9200BC5524 /* Router.swift */ = {isa = PBXFileReference; fileEncoding = 4; lastKnownFileType = sourcecode.swift; path = Router.swift; sourceTree = "<group>"; };
		EE95CEBF2B4E9D9200BC5524 /* NavigationRouter.swift */ = {isa = PBXFileReference; fileEncoding = 4; lastKnownFileType = sourcecode.swift; path = NavigationRouter.swift; sourceTree = "<group>"; };
		EE95CEC02B4E9D9200BC5524 /* ModalRouter.swift */ = {isa = PBXFileReference; fileEncoding = 4; lastKnownFileType = sourcecode.swift; path = ModalRouter.swift; sourceTree = "<group>"; };
		EE95CEC62B4E9E1600BC5524 /* Logger.swift */ = {isa = PBXFileReference; fileEncoding = 4; lastKnownFileType = sourcecode.swift; path = Logger.swift; sourceTree = "<group>"; };
		EE95CEC92B4E9EE800BC5524 /* mainWindow.swift */ = {isa = PBXFileReference; fileEncoding = 4; lastKnownFileType = sourcecode.swift; path = mainWindow.swift; sourceTree = "<group>"; };
		EE95CECC2B4E9EF800BC5524 /* parentViewController.swift */ = {isa = PBXFileReference; fileEncoding = 4; lastKnownFileType = sourcecode.swift; path = parentViewController.swift; sourceTree = "<group>"; };
		EE95CECF2B4E9F0800BC5524 /* +topMostViewController.swift */ = {isa = PBXFileReference; fileEncoding = 4; lastKnownFileType = sourcecode.swift; path = "+topMostViewController.swift"; sourceTree = "<group>"; };
/* End PBXFileReference section */

/* Begin PBXFrameworksBuildPhase section */
		EE32E2852B45B1D100675EAE /* Frameworks */ = {
			isa = PBXFrameworksBuildPhase;
			buildActionMask = 2147483647;
			files = (
			);
			runOnlyForDeploymentPostprocessing = 0;
		};
		EE32E29B2B45B1D300675EAE /* Frameworks */ = {
			isa = PBXFrameworksBuildPhase;
			buildActionMask = 2147483647;
			files = (
			);
			runOnlyForDeploymentPostprocessing = 0;
		};
		EE32E2A52B45B1D300675EAE /* Frameworks */ = {
			isa = PBXFrameworksBuildPhase;
			buildActionMask = 2147483647;
			files = (
			);
			runOnlyForDeploymentPostprocessing = 0;
		};
/* End PBXFrameworksBuildPhase section */

/* Begin PBXGroup section */
		214AC06B2B4E973F0094297D /* HomeTheme1 */ = {
			isa = PBXGroup;
			children = (
				7F52B1A22B561D740040211B /* Model */,
				7F52B19F2B561D500040211B /* ViewModel */,
				7F4292CA2B5321C800DDAE6A /* HomeTheme1VC.swift */,
				7F4292CB2B5321C800DDAE6A /* HomeTheme1VC.xib */,
			);
			path = HomeTheme1;
			sourceTree = "<group>";
		};
		214AC06C2B4E974D0094297D /* HomeTheme2 */ = {
			isa = PBXGroup;
			children = (
			);
			path = HomeTheme2;
			sourceTree = "<group>";
		};
		214AC06D2B4E97560094297D /* HomeTheme3 */ = {
			isa = PBXGroup;
			children = (
			);
			path = HomeTheme3;
			sourceTree = "<group>";
		};
		214AC06E2B4E975F0094297D /* HomeTheme4 */ = {
			isa = PBXGroup;
			children = (
			);
			path = HomeTheme4;
			sourceTree = "<group>";
		};
		214AC06F2B4E97810094297D /* Categories */ = {
			isa = PBXGroup;
			children = (
				214AC0722B4E97B50094297D /* CategoriesTheme3 */,
				214AC0712B4E97AF0094297D /* CategoriesTheme2 */,
				214AC0702B4E978B0094297D /* CategoriesTheme1 */,
			);
			path = Categories;
			sourceTree = "<group>";
		};
		214AC0702B4E978B0094297D /* CategoriesTheme1 */ = {
			isa = PBXGroup;
			children = (
			);
			path = CategoriesTheme1;
			sourceTree = "<group>";
		};
		214AC0712B4E97AF0094297D /* CategoriesTheme2 */ = {
			isa = PBXGroup;
			children = (
			);
			path = CategoriesTheme2;
			sourceTree = "<group>";
		};
		214AC0722B4E97B50094297D /* CategoriesTheme3 */ = {
			isa = PBXGroup;
			children = (
			);
			path = CategoriesTheme3;
			sourceTree = "<group>";
		};
		7F4292CF2B53287B00DDAE6A /* Search Custom View */ = {
			isa = PBXGroup;
			children = (
				7FDF42032B53381300606E44 /* SearchCustomView.swift */,
				7FDF42052B53382D00606E44 /* SearchCustomView.xib */,
			);
			path = "Search Custom View";
			sourceTree = "<group>";
		};
		7F52B19E2B561D030040211B /* Protocols */ = {
			isa = PBXGroup;
			children = (
				7F7D36C62B5578CE000B9150 /* SectionLayoutProtocols.swift */,
			);
			path = Protocols;
			sourceTree = "<group>";
		};
		7F52B19F2B561D500040211B /* ViewModel */ = {
			isa = PBXGroup;
			children = (
				7F52B1A02B561D660040211B /* MockData.swift */,
			);
			path = ViewModel;
			sourceTree = "<group>";
		};
		7F52B1A22B561D740040211B /* Model */ = {
			isa = PBXGroup;
			children = (
				7F52B1A32B561D8C0040211B /* Item.swift */,
			);
			path = Model;
			sourceTree = "<group>";
		};
		7FDF42072B533CC800606E44 /* HeaderView */ = {
			isa = PBXGroup;
			children = (
				7FDF42082B533CE200606E44 /* HeaderView.swift */,
				7FDF42092B533CE200606E44 /* HeaderView.xib */,
			);
			name = HeaderView;
			path = "Header View";
			sourceTree = "<group>";
		};
		7FF0D1DE2B52C703006F2A9A /* HomeCollectionViewCell */ = {
			isa = PBXGroup;
			children = (
				7FF0D1EC2B52D80C006F2A9A /* ProductListCollectionViewCell */,
				7FF0D1E72B52C77B006F2A9A /* AdsCollectionViewCell */,
			);
			path = HomeCollectionViewCell;
			sourceTree = "<group>";
		};
		7FF0D1E72B52C77B006F2A9A /* AdsCollectionViewCell */ = {
			isa = PBXGroup;
			children = (
				7F7D36C82B5578FF000B9150 /* AdsSectionProvider.swift */,
				7FF0D1E82B52C957006F2A9A /* AdsCollectionViewCell.swift */,
				7FF0D1E92B52C957006F2A9A /* AdsCollectionViewCell.xib */,
			);
			path = AdsCollectionViewCell;
			sourceTree = "<group>";
		};
		7FF0D1EC2B52D80C006F2A9A /* ProductListCollectionViewCell */ = {
			isa = PBXGroup;
			children = (
				7FF0D1ED2B52D838006F2A9A /* ProductListCollectionViewCell.swift */,
				7FF0D1EE2B52D838006F2A9A /* ProductListCollectionViewCell.xib */,
				7F7D36CA2B558486000B9150 /* ProductSectionProvider.swift */,
			);
			name = ProductListCollectionViewCell;
			path = ../ProductListCollectionViewCell;
			sourceTree = "<group>";
		};
		7FF629E02B51F6FB009C48B0 /* Custom Cells */ = {
			isa = PBXGroup;
			children = (
				7FDF42072B533CC800606E44 /* HeaderView */,
				7FF0D1DE2B52C703006F2A9A /* HomeCollectionViewCell */,
			);
			path = "Custom Cells";
			sourceTree = "<group>";
		};
		EE32E27F2B45B1D100675EAE = {
			isa = PBXGroup;
			children = (
				EE32E2C92B45B41600675EAE /* .swiftlint.yml */,
				EE32E2C82B45B41600675EAE /* swiftgen.yml */,
				EE32E28A2B45B1D100675EAE /* EcoMarket */,
				EE32E2D32B45B6C800675EAE /* Utilities */,
				EE32E2BC2B45B2ED00675EAE /* Resources */,
				EE32E2A12B45B1D300675EAE /* EcoMarketTests */,
				EE32E2AB2B45B1D300675EAE /* EcoMarketUITests */,
				EE32E2892B45B1D100675EAE /* Products */,
			);
			sourceTree = "<group>";
		};
		EE32E2892B45B1D100675EAE /* Products */ = {
			isa = PBXGroup;
			children = (
				EE32E2882B45B1D100675EAE /* EcoMarket.app */,
				EE32E29E2B45B1D300675EAE /* EcoMarketTests.xctest */,
				EE32E2A82B45B1D300675EAE /* EcoMarketUITests.xctest */,
			);
			name = Products;
			sourceTree = "<group>";
		};
		EE32E28A2B45B1D100675EAE /* EcoMarket */ = {
			isa = PBXGroup;
			children = (
				EE32E2D62B45B76A00675EAE /* Scenes */,
				EE32E28B2B45B1D100675EAE /* AppDelegate.swift */,
				EE32E28D2B45B1D100675EAE /* SceneDelegate.swift */,
				EE32E2992B45B1D200675EAE /* Info.plist */,
			);
			path = EcoMarket;
			sourceTree = "<group>";
		};
		EE32E2A12B45B1D300675EAE /* EcoMarketTests */ = {
			isa = PBXGroup;
			children = (
				EE32E2A22B45B1D300675EAE /* EcoMarketTests.swift */,
			);
			path = EcoMarketTests;
			sourceTree = "<group>";
		};
		EE32E2AB2B45B1D300675EAE /* EcoMarketUITests */ = {
			isa = PBXGroup;
			children = (
				EE32E2AC2B45B1D300675EAE /* EcoMarketUITests.swift */,
				EE32E2AE2B45B1D300675EAE /* EcoMarketUITestsLaunchTests.swift */,
			);
			path = EcoMarketUITests;
			sourceTree = "<group>";
		};
		EE32E2BC2B45B2ED00675EAE /* Resources */ = {
			isa = PBXGroup;
			children = (
				EE32E2D72B45B77E00675EAE /* LaunchScreen */,
				EE32E2C02B45B32B00675EAE /* Fonts */,
				EE32E2BF2B45B31700675EAE /* Assets */,
				EE32E2BE2B45B30A00675EAE /* Generated */,
				EE32E2BD2B45B30000675EAE /* Localization */,
			);
			path = Resources;
			sourceTree = "<group>";
		};
		EE32E2BD2B45B30000675EAE /* Localization */ = {
			isa = PBXGroup;
			children = (
				EE32E2C62B45B3D700675EAE /* Localizable.strings */,
			);
			path = Localization;
			sourceTree = "<group>";
		};
		EE32E2BE2B45B30A00675EAE /* Generated */ = {
			isa = PBXGroup;
			children = (
				EE32E2D82B45B7E600675EAE /* Strings+Generated.swift */,
			);
			path = Generated;
			sourceTree = "<group>";
		};
		EE32E2BF2B45B31700675EAE /* Assets */ = {
			isa = PBXGroup;
			children = (
				EE32E2942B45B1D200675EAE /* Assets.xcassets */,
				EE32E2D12B45B6B400675EAE /* Colors.xcassets */,
			);
			path = Assets;
			sourceTree = "<group>";
		};
		EE32E2C02B45B32B00675EAE /* Fonts */ = {
			isa = PBXGroup;
			children = (
				EE32E2CE2B45B56700675EAE /* Fonts.swift */,
			);
			path = Fonts;
			sourceTree = "<group>";
		};
		EE32E2D32B45B6C800675EAE /* Utilities */ = {
			isa = PBXGroup;
			children = (
				7F52B19E2B561D030040211B /* Protocols */,
				7FF629E02B51F6FB009C48B0 /* Custom Cells */,
				EE95CEC52B4E9E0E00BC5524 /* Logger */,
				EE95CEBC2B4E9D3B00BC5524 /* Router */,
				EE32E2D52B45B6E100675EAE /* Custom Views */,
				EE32E2D42B45B6D200675EAE /* Extensions */,
			);
			path = Utilities;
			sourceTree = "<group>";
		};
		EE32E2D42B45B6D200675EAE /* Extensions */ = {
			isa = PBXGroup;
			children = (
				EE95CEC82B4E9EDC00BC5524 /* UIApplicatoin */,
				EE95CECB2B4E9EEE00BC5524 /* UIView */,
				EE95CECE2B4E9EFC00BC5524 /* UIViewController */,
			);
			path = Extensions;
			sourceTree = "<group>";
		};
		EE32E2D52B45B6E100675EAE /* Custom Views */ = {
			isa = PBXGroup;
			children = (
				7F4292CF2B53287B00DDAE6A /* Search Custom View */,
			);
			path = "Custom Views";
			sourceTree = "<group>";
		};
		EE32E2D62B45B76A00675EAE /* Scenes */ = {
			isa = PBXGroup;
			children = (
				EE32E2DA2B45B81E00675EAE /* Onboarding */,
				EE32E2DB2B45B82400675EAE /* TabBar */,
				EE32E28F2B45B1D100675EAE /* ViewController.swift */,
			);
			path = Scenes;
			sourceTree = "<group>";
		};
		EE32E2D72B45B77E00675EAE /* LaunchScreen */ = {
			isa = PBXGroup;
			children = (
				EE32E2962B45B1D200675EAE /* LaunchScreen.storyboard */,
			);
			path = LaunchScreen;
			sourceTree = "<group>";
		};
		EE32E2DA2B45B81E00675EAE /* Onboarding */ = {
			isa = PBXGroup;
			children = (
				EE32E2DC2B45B88800675EAE /* Splash */,
				EE32E2DD2B45B89100675EAE /* Login */,
				EE32E2DE2B45B89400675EAE /* Signup */,
			);
			path = Onboarding;
			sourceTree = "<group>";
		};
		EE32E2DB2B45B82400675EAE /* TabBar */ = {
			isa = PBXGroup;
			children = (
				EE95CED12B4EA17300BC5524 /* TabBarController */,
				EE32E2DF2B45B8D000675EAE /* Home */,
				EE32E2E02B45B8D400675EAE /* Cart */,
				EE32E2E12B45B8D800675EAE /* Notifications */,
				EE32E2E22B45B8E100675EAE /* Profile */,
			);
			path = TabBar;
			sourceTree = "<group>";
		};
		EE32E2DC2B45B88800675EAE /* Splash */ = {
			isa = PBXGroup;
			children = (
			);
			path = Splash;
			sourceTree = "<group>";
		};
		EE32E2DD2B45B89100675EAE /* Login */ = {
			isa = PBXGroup;
			children = (
			);
			path = Login;
			sourceTree = "<group>";
		};
		EE32E2DE2B45B89400675EAE /* Signup */ = {
			isa = PBXGroup;
			children = (
			);
			path = Signup;
			sourceTree = "<group>";
		};
		EE32E2DF2B45B8D000675EAE /* Home */ = {
			isa = PBXGroup;
			children = (
				214AC06E2B4E975F0094297D /* HomeTheme4 */,
				214AC06D2B4E97560094297D /* HomeTheme3 */,
				214AC06C2B4E974D0094297D /* HomeTheme2 */,
				214AC06B2B4E973F0094297D /* HomeTheme1 */,
				214AC06F2B4E97810094297D /* Categories */,
			);
			path = Home;
			sourceTree = "<group>";
		};
		EE32E2E02B45B8D400675EAE /* Cart */ = {
			isa = PBXGroup;
			children = (
			);
			path = Cart;
			sourceTree = "<group>";
		};
		EE32E2E12B45B8D800675EAE /* Notifications */ = {
			isa = PBXGroup;
			children = (
			);
			path = Notifications;
			sourceTree = "<group>";
		};
		EE32E2E22B45B8E100675EAE /* Profile */ = {
			isa = PBXGroup;
			children = (
			);
			path = Profile;
			sourceTree = "<group>";
		};
		EE95CEBC2B4E9D3B00BC5524 /* Router */ = {
			isa = PBXGroup;
			children = (
				EE95CEBD2B4E9D9200BC5524 /* AppRouter.swift */,
				EE95CEC02B4E9D9200BC5524 /* ModalRouter.swift */,
				EE95CEBF2B4E9D9200BC5524 /* NavigationRouter.swift */,
				EE95CEBE2B4E9D9200BC5524 /* Router.swift */,
			);
			path = Router;
			sourceTree = "<group>";
		};
		EE95CEC52B4E9E0E00BC5524 /* Logger */ = {
			isa = PBXGroup;
			children = (
				EE95CEC62B4E9E1600BC5524 /* Logger.swift */,
			);
			path = Logger;
			sourceTree = "<group>";
		};
		EE95CEC82B4E9EDC00BC5524 /* UIApplicatoin */ = {
			isa = PBXGroup;
			children = (
				EE95CEC92B4E9EE800BC5524 /* mainWindow.swift */,
			);
			path = UIApplicatoin;
			sourceTree = "<group>";
		};
		EE95CECB2B4E9EEE00BC5524 /* UIView */ = {
			isa = PBXGroup;
			children = (
				EE95CECC2B4E9EF800BC5524 /* parentViewController.swift */,
				7F5ACC422B53323F00DC7B86 /* UIView.swift */,
			);
			path = UIView;
			sourceTree = "<group>";
		};
		EE95CECE2B4E9EFC00BC5524 /* UIViewController */ = {
			isa = PBXGroup;
			children = (
				EE95CECF2B4E9F0800BC5524 /* +topMostViewController.swift */,
			);
			path = UIViewController;
			sourceTree = "<group>";
		};
		EE95CED12B4EA17300BC5524 /* TabBarController */ = {
			isa = PBXGroup;
			children = (
			);
			path = TabBarController;
			sourceTree = "<group>";
		};
/* End PBXGroup section */

/* Begin PBXNativeTarget section */
		EE32E2872B45B1D100675EAE /* EcoMarket */ = {
			isa = PBXNativeTarget;
			buildConfigurationList = EE32E2B22B45B1D300675EAE /* Build configuration list for PBXNativeTarget "EcoMarket" */;
			buildPhases = (
				EE32E2CC2B45B45600675EAE /* swiftgen */,
				EE32E2CD2B45B47200675EAE /* swiftlint */,
				EE32E2842B45B1D100675EAE /* Sources */,
				EE32E2852B45B1D100675EAE /* Frameworks */,
				EE32E2862B45B1D100675EAE /* Resources */,
			);
			buildRules = (
			);
			dependencies = (
			);
			name = EcoMarket;
			productName = EcoMarket;
			productReference = EE32E2882B45B1D100675EAE /* EcoMarket.app */;
			productType = "com.apple.product-type.application";
		};
		EE32E29D2B45B1D300675EAE /* EcoMarketTests */ = {
			isa = PBXNativeTarget;
			buildConfigurationList = EE32E2B52B45B1D300675EAE /* Build configuration list for PBXNativeTarget "EcoMarketTests" */;
			buildPhases = (
				EE32E29A2B45B1D300675EAE /* Sources */,
				EE32E29B2B45B1D300675EAE /* Frameworks */,
				EE32E29C2B45B1D300675EAE /* Resources */,
			);
			buildRules = (
			);
			dependencies = (
				EE32E2A02B45B1D300675EAE /* PBXTargetDependency */,
			);
			name = EcoMarketTests;
			productName = EcoMarketTests;
			productReference = EE32E29E2B45B1D300675EAE /* EcoMarketTests.xctest */;
			productType = "com.apple.product-type.bundle.unit-test";
		};
		EE32E2A72B45B1D300675EAE /* EcoMarketUITests */ = {
			isa = PBXNativeTarget;
			buildConfigurationList = EE32E2B82B45B1D300675EAE /* Build configuration list for PBXNativeTarget "EcoMarketUITests" */;
			buildPhases = (
				EE32E2A42B45B1D300675EAE /* Sources */,
				EE32E2A52B45B1D300675EAE /* Frameworks */,
				EE32E2A62B45B1D300675EAE /* Resources */,
			);
			buildRules = (
			);
			dependencies = (
				EE32E2AA2B45B1D300675EAE /* PBXTargetDependency */,
			);
			name = EcoMarketUITests;
			productName = EcoMarketUITests;
			productReference = EE32E2A82B45B1D300675EAE /* EcoMarketUITests.xctest */;
			productType = "com.apple.product-type.bundle.ui-testing";
		};
/* End PBXNativeTarget section */

/* Begin PBXProject section */
		EE32E2802B45B1D100675EAE /* Project object */ = {
			isa = PBXProject;
			attributes = {
				BuildIndependentTargetsInParallel = 1;
				LastSwiftUpdateCheck = 1500;
				LastUpgradeCheck = 1500;
				TargetAttributes = {
					EE32E2872B45B1D100675EAE = {
						CreatedOnToolsVersion = 15.0;
					};
					EE32E29D2B45B1D300675EAE = {
						CreatedOnToolsVersion = 15.0;
						TestTargetID = EE32E2872B45B1D100675EAE;
					};
					EE32E2A72B45B1D300675EAE = {
						CreatedOnToolsVersion = 15.0;
						TestTargetID = EE32E2872B45B1D100675EAE;
					};
				};
			};
			buildConfigurationList = EE32E2832B45B1D100675EAE /* Build configuration list for PBXProject "EcoMarket" */;
			compatibilityVersion = "Xcode 14.0";
			developmentRegion = en;
			hasScannedForEncodings = 0;
			knownRegions = (
				en,
				Base,
				ar,
			);
			mainGroup = EE32E27F2B45B1D100675EAE;
			productRefGroup = EE32E2892B45B1D100675EAE /* Products */;
			projectDirPath = "";
			projectRoot = "";
			targets = (
				EE32E2872B45B1D100675EAE /* EcoMarket */,
				EE32E29D2B45B1D300675EAE /* EcoMarketTests */,
				EE32E2A72B45B1D300675EAE /* EcoMarketUITests */,
			);
		};
/* End PBXProject section */

/* Begin PBXResourcesBuildPhase section */
		EE32E2862B45B1D100675EAE /* Resources */ = {
			isa = PBXResourcesBuildPhase;
			buildActionMask = 2147483647;
			files = (
				EE32E2CB2B45B41600675EAE /* .swiftlint.yml in Resources */,
				7F4292CD2B5321C800DDAE6A /* HomeTheme1VC.xib in Resources */,
				7FF0D1EB2B52C957006F2A9A /* AdsCollectionViewCell.xib in Resources */,
				7FDF420B2B533CE200606E44 /* HeaderView.xib in Resources */,
				EE32E2982B45B1D200675EAE /* LaunchScreen.storyboard in Resources */,
				EE32E2C42B45B3D700675EAE /* Localizable.strings in Resources */,
				7FDF42062B53382D00606E44 /* SearchCustomView.xib in Resources */,
				7FF0D1F02B52D838006F2A9A /* ProductListCollectionViewCell.xib in Resources */,
				EE32E2D22B45B6B400675EAE /* Colors.xcassets in Resources */,
				EE32E2952B45B1D200675EAE /* Assets.xcassets in Resources */,
				EE32E2CA2B45B41600675EAE /* swiftgen.yml in Resources */,
			);
			runOnlyForDeploymentPostprocessing = 0;
		};
		EE32E29C2B45B1D300675EAE /* Resources */ = {
			isa = PBXResourcesBuildPhase;
			buildActionMask = 2147483647;
			files = (
			);
			runOnlyForDeploymentPostprocessing = 0;
		};
		EE32E2A62B45B1D300675EAE /* Resources */ = {
			isa = PBXResourcesBuildPhase;
			buildActionMask = 2147483647;
			files = (
			);
			runOnlyForDeploymentPostprocessing = 0;
		};
/* End PBXResourcesBuildPhase section */

/* Begin PBXShellScriptBuildPhase section */
		EE32E2CC2B45B45600675EAE /* swiftgen */ = {
			isa = PBXShellScriptBuildPhase;
			alwaysOutOfDate = 1;
			buildActionMask = 2147483647;
			files = (
			);
			inputFileListPaths = (
			);
			inputPaths = (
			);
			name = swiftgen;
			outputFileListPaths = (
			);
			outputPaths = (
			);
			runOnlyForDeploymentPostprocessing = 0;
			shellPath = /bin/sh;
			shellScript = "# Type a script or drag a script file from your workspace to insert its path.\nexport PATH=\"$PATH:/opt/homebrew/bin\"\nif which swiftgen >/dev/null; then\n  swiftgen\nelse\n  echo \"warning: get not installed, download from https://github.com/realm/SwiftLint\"\nfi \n";
		};
		EE32E2CD2B45B47200675EAE /* swiftlint */ = {
			isa = PBXShellScriptBuildPhase;
			alwaysOutOfDate = 1;
			buildActionMask = 2147483647;
			files = (
			);
			inputFileListPaths = (
			);
			inputPaths = (
			);
			name = swiftlint;
			outputFileListPaths = (
			);
			outputPaths = (
			);
			runOnlyForDeploymentPostprocessing = 0;
			shellPath = /bin/sh;
			shellScript = "export PATH=\"$PATH:/opt/homebrew/bin\"\nif which swiftlint >/dev/null; then\n  swiftlint\nelse\n  echo \"warning: SwiftLint not installed, download from https://github.com/realm/SwiftLint\"\nfi \n";
		};
/* End PBXShellScriptBuildPhase section */

/* Begin PBXSourcesBuildPhase section */
		EE32E2842B45B1D100675EAE /* Sources */ = {
			isa = PBXSourcesBuildPhase;
			buildActionMask = 2147483647;
			files = (
				7F7D36CB2B558486000B9150 /* ProductSectionProvider.swift in Sources */,
				7FDF42042B53381300606E44 /* SearchCustomView.swift in Sources */,
				EE32E2D92B45B7E600675EAE /* Strings+Generated.swift in Sources */,
				7FF0D1EF2B52D838006F2A9A /* ProductListCollectionViewCell.swift in Sources */,
				EE95CED02B4E9F0800BC5524 /* +topMostViewController.swift in Sources */,
				7F52B1A12B561D660040211B /* MockData.swift in Sources */,
				EE32E2CF2B45B56700675EAE /* Fonts.swift in Sources */,
				7F4292CC2B5321C800DDAE6A /* HomeTheme1VC.swift in Sources */,
				EE95CEC32B4E9D9200BC5524 /* NavigationRouter.swift in Sources */,
				EE95CEC42B4E9D9200BC5524 /* ModalRouter.swift in Sources */,
				EE95CEC12B4E9D9200BC5524 /* AppRouter.swift in Sources */,
				7FF0D1EA2B52C957006F2A9A /* AdsCollectionViewCell.swift in Sources */,
				EE95CEC72B4E9E1600BC5524 /* Logger.swift in Sources */,
				7F7D36C92B5578FF000B9150 /* AdsSectionProvider.swift in Sources */,
				EE95CEC22B4E9D9200BC5524 /* Router.swift in Sources */,
				EE32E2902B45B1D100675EAE /* ViewController.swift in Sources */,
				EE95CECA2B4E9EE800BC5524 /* mainWindow.swift in Sources */,
				7F5ACC432B53323F00DC7B86 /* UIView.swift in Sources */,
				7F7D36C72B5578CE000B9150 /* SectionLayoutProtocols.swift in Sources */,
				7FDF420A2B533CE200606E44 /* HeaderView.swift in Sources */,
				7F52B1A42B561D8C0040211B /* Item.swift in Sources */,
				EE32E28C2B45B1D100675EAE /* AppDelegate.swift in Sources */,
				EE95CECD2B4E9EF800BC5524 /* parentViewController.swift in Sources */,
				EE32E28E2B45B1D100675EAE /* SceneDelegate.swift in Sources */,
			);
			runOnlyForDeploymentPostprocessing = 0;
		};
		EE32E29A2B45B1D300675EAE /* Sources */ = {
			isa = PBXSourcesBuildPhase;
			buildActionMask = 2147483647;
			files = (
				EE32E2A32B45B1D300675EAE /* EcoMarketTests.swift in Sources */,
			);
			runOnlyForDeploymentPostprocessing = 0;
		};
		EE32E2A42B45B1D300675EAE /* Sources */ = {
			isa = PBXSourcesBuildPhase;
			buildActionMask = 2147483647;
			files = (
				EE32E2AF2B45B1D300675EAE /* EcoMarketUITestsLaunchTests.swift in Sources */,
				EE32E2AD2B45B1D300675EAE /* EcoMarketUITests.swift in Sources */,
			);
			runOnlyForDeploymentPostprocessing = 0;
		};
/* End PBXSourcesBuildPhase section */

/* Begin PBXTargetDependency section */
		EE32E2A02B45B1D300675EAE /* PBXTargetDependency */ = {
			isa = PBXTargetDependency;
			target = EE32E2872B45B1D100675EAE /* EcoMarket */;
			targetProxy = EE32E29F2B45B1D300675EAE /* PBXContainerItemProxy */;
		};
		EE32E2AA2B45B1D300675EAE /* PBXTargetDependency */ = {
			isa = PBXTargetDependency;
			target = EE32E2872B45B1D100675EAE /* EcoMarket */;
			targetProxy = EE32E2A92B45B1D300675EAE /* PBXContainerItemProxy */;
		};
/* End PBXTargetDependency section */

/* Begin PBXVariantGroup section */
		EE32E2962B45B1D200675EAE /* LaunchScreen.storyboard */ = {
			isa = PBXVariantGroup;
			children = (
				EE32E2972B45B1D200675EAE /* Base */,
				EE32E2BB2B45B26400675EAE /* ar */,
			);
			name = LaunchScreen.storyboard;
			sourceTree = "<group>";
		};
		EE32E2C62B45B3D700675EAE /* Localizable.strings */ = {
			isa = PBXVariantGroup;
			children = (
				EE32E2C52B45B3D700675EAE /* en */,
				EE32E2C72B45B3D900675EAE /* ar */,
			);
			name = Localizable.strings;
			sourceTree = "<group>";
		};
/* End PBXVariantGroup section */

/* Begin XCBuildConfiguration section */
		EE32E2B02B45B1D300675EAE /* Debug */ = {
			isa = XCBuildConfiguration;
			buildSettings = {
				ALWAYS_SEARCH_USER_PATHS = NO;
				ASSETCATALOG_COMPILER_GENERATE_SWIFT_ASSET_SYMBOL_EXTENSIONS = YES;
				CLANG_ANALYZER_LOCALIZABILITY_NONLOCALIZED = YES;
				CLANG_ANALYZER_NONNULL = YES;
				CLANG_ANALYZER_NUMBER_OBJECT_CONVERSION = YES_AGGRESSIVE;
				CLANG_CXX_LANGUAGE_STANDARD = "gnu++20";
				CLANG_ENABLE_MODULES = YES;
				CLANG_ENABLE_OBJC_ARC = YES;
				CLANG_ENABLE_OBJC_WEAK = YES;
				CLANG_WARN_BLOCK_CAPTURE_AUTORELEASING = YES;
				CLANG_WARN_BOOL_CONVERSION = YES;
				CLANG_WARN_COMMA = YES;
				CLANG_WARN_CONSTANT_CONVERSION = YES;
				CLANG_WARN_DEPRECATED_OBJC_IMPLEMENTATIONS = YES;
				CLANG_WARN_DIRECT_OBJC_ISA_USAGE = YES_ERROR;
				CLANG_WARN_DOCUMENTATION_COMMENTS = YES;
				CLANG_WARN_EMPTY_BODY = YES;
				CLANG_WARN_ENUM_CONVERSION = YES;
				CLANG_WARN_INFINITE_RECURSION = YES;
				CLANG_WARN_INT_CONVERSION = YES;
				CLANG_WARN_NON_LITERAL_NULL_CONVERSION = YES;
				CLANG_WARN_OBJC_IMPLICIT_RETAIN_SELF = YES;
				CLANG_WARN_OBJC_LITERAL_CONVERSION = YES;
				CLANG_WARN_OBJC_ROOT_CLASS = YES_ERROR;
				CLANG_WARN_QUOTED_INCLUDE_IN_FRAMEWORK_HEADER = YES;
				CLANG_WARN_RANGE_LOOP_ANALYSIS = YES;
				CLANG_WARN_STRICT_PROTOTYPES = YES;
				CLANG_WARN_SUSPICIOUS_MOVE = YES;
				CLANG_WARN_UNGUARDED_AVAILABILITY = YES_AGGRESSIVE;
				CLANG_WARN_UNREACHABLE_CODE = YES;
				CLANG_WARN__DUPLICATE_METHOD_MATCH = YES;
				COPY_PHASE_STRIP = NO;
				DEBUG_INFORMATION_FORMAT = dwarf;
				ENABLE_STRICT_OBJC_MSGSEND = YES;
				ENABLE_TESTABILITY = YES;
				ENABLE_USER_SCRIPT_SANDBOXING = NO;
				GCC_C_LANGUAGE_STANDARD = gnu17;
				GCC_DYNAMIC_NO_PIC = NO;
				GCC_NO_COMMON_BLOCKS = YES;
				GCC_OPTIMIZATION_LEVEL = 0;
				GCC_PREPROCESSOR_DEFINITIONS = (
					"DEBUG=1",
					"$(inherited)",
				);
				GCC_WARN_64_TO_32_BIT_CONVERSION = YES;
				GCC_WARN_ABOUT_RETURN_TYPE = YES_ERROR;
				GCC_WARN_UNDECLARED_SELECTOR = YES;
				GCC_WARN_UNINITIALIZED_AUTOS = YES_AGGRESSIVE;
				GCC_WARN_UNUSED_FUNCTION = YES;
				GCC_WARN_UNUSED_VARIABLE = YES;
				IPHONEOS_DEPLOYMENT_TARGET = 14.0;
				LOCALIZATION_PREFERS_STRING_CATALOGS = YES;
				MTL_ENABLE_DEBUG_INFO = INCLUDE_SOURCE;
				MTL_FAST_MATH = YES;
				ONLY_ACTIVE_ARCH = YES;
				SDKROOT = iphoneos;
				SWIFT_ACTIVE_COMPILATION_CONDITIONS = "DEBUG $(inherited)";
				SWIFT_OPTIMIZATION_LEVEL = "-Onone";
			};
			name = Debug;
		};
		EE32E2B12B45B1D300675EAE /* Release */ = {
			isa = XCBuildConfiguration;
			buildSettings = {
				ALWAYS_SEARCH_USER_PATHS = NO;
				ASSETCATALOG_COMPILER_GENERATE_SWIFT_ASSET_SYMBOL_EXTENSIONS = YES;
				CLANG_ANALYZER_LOCALIZABILITY_NONLOCALIZED = YES;
				CLANG_ANALYZER_NONNULL = YES;
				CLANG_ANALYZER_NUMBER_OBJECT_CONVERSION = YES_AGGRESSIVE;
				CLANG_CXX_LANGUAGE_STANDARD = "gnu++20";
				CLANG_ENABLE_MODULES = YES;
				CLANG_ENABLE_OBJC_ARC = YES;
				CLANG_ENABLE_OBJC_WEAK = YES;
				CLANG_WARN_BLOCK_CAPTURE_AUTORELEASING = YES;
				CLANG_WARN_BOOL_CONVERSION = YES;
				CLANG_WARN_COMMA = YES;
				CLANG_WARN_CONSTANT_CONVERSION = YES;
				CLANG_WARN_DEPRECATED_OBJC_IMPLEMENTATIONS = YES;
				CLANG_WARN_DIRECT_OBJC_ISA_USAGE = YES_ERROR;
				CLANG_WARN_DOCUMENTATION_COMMENTS = YES;
				CLANG_WARN_EMPTY_BODY = YES;
				CLANG_WARN_ENUM_CONVERSION = YES;
				CLANG_WARN_INFINITE_RECURSION = YES;
				CLANG_WARN_INT_CONVERSION = YES;
				CLANG_WARN_NON_LITERAL_NULL_CONVERSION = YES;
				CLANG_WARN_OBJC_IMPLICIT_RETAIN_SELF = YES;
				CLANG_WARN_OBJC_LITERAL_CONVERSION = YES;
				CLANG_WARN_OBJC_ROOT_CLASS = YES_ERROR;
				CLANG_WARN_QUOTED_INCLUDE_IN_FRAMEWORK_HEADER = YES;
				CLANG_WARN_RANGE_LOOP_ANALYSIS = YES;
				CLANG_WARN_STRICT_PROTOTYPES = YES;
				CLANG_WARN_SUSPICIOUS_MOVE = YES;
				CLANG_WARN_UNGUARDED_AVAILABILITY = YES_AGGRESSIVE;
				CLANG_WARN_UNREACHABLE_CODE = YES;
				CLANG_WARN__DUPLICATE_METHOD_MATCH = YES;
				COPY_PHASE_STRIP = NO;
				DEBUG_INFORMATION_FORMAT = "dwarf-with-dsym";
				ENABLE_NS_ASSERTIONS = NO;
				ENABLE_STRICT_OBJC_MSGSEND = YES;
				ENABLE_USER_SCRIPT_SANDBOXING = NO;
				GCC_C_LANGUAGE_STANDARD = gnu17;
				GCC_NO_COMMON_BLOCKS = YES;
				GCC_WARN_64_TO_32_BIT_CONVERSION = YES;
				GCC_WARN_ABOUT_RETURN_TYPE = YES_ERROR;
				GCC_WARN_UNDECLARED_SELECTOR = YES;
				GCC_WARN_UNINITIALIZED_AUTOS = YES_AGGRESSIVE;
				GCC_WARN_UNUSED_FUNCTION = YES;
				GCC_WARN_UNUSED_VARIABLE = YES;
				IPHONEOS_DEPLOYMENT_TARGET = 14.0;
				LOCALIZATION_PREFERS_STRING_CATALOGS = YES;
				MTL_ENABLE_DEBUG_INFO = NO;
				MTL_FAST_MATH = YES;
				SDKROOT = iphoneos;
				SWIFT_COMPILATION_MODE = wholemodule;
				VALIDATE_PRODUCT = YES;
			};
			name = Release;
		};
		EE32E2B32B45B1D300675EAE /* Debug */ = {
			isa = XCBuildConfiguration;
			buildSettings = {
				ASSETCATALOG_COMPILER_APPICON_NAME = AppIcon;
				ASSETCATALOG_COMPILER_GLOBAL_ACCENT_COLOR_NAME = AccentColor;
				CODE_SIGN_STYLE = Automatic;
				CURRENT_PROJECT_VERSION = 1;
				DEVELOPMENT_TEAM = 4U8DMJ33ZN;
				GENERATE_INFOPLIST_FILE = YES;
				INFOPLIST_FILE = EcoMarket/Info.plist;
				INFOPLIST_KEY_CFBundleDisplayName = "Eco Market";
				INFOPLIST_KEY_LSApplicationCategoryType = "public.app-category.shopping";
				INFOPLIST_KEY_UIApplicationSupportsIndirectInputEvents = YES;
				INFOPLIST_KEY_UILaunchStoryboardName = LaunchScreen;
				INFOPLIST_KEY_UISupportedInterfaceOrientations_iPad = "UIInterfaceOrientationPortrait UIInterfaceOrientationPortraitUpsideDown UIInterfaceOrientationLandscapeLeft UIInterfaceOrientationLandscapeRight";
				INFOPLIST_KEY_UISupportedInterfaceOrientations_iPhone = "UIInterfaceOrientationPortrait UIInterfaceOrientationLandscapeLeft UIInterfaceOrientationLandscapeRight";
				LD_RUNPATH_SEARCH_PATHS = (
					"$(inherited)",
					"@executable_path/Frameworks",
				);
				MARKETING_VERSION = 1.0;
				PRODUCT_BUNDLE_IDENTIFIER = com.yamany.EcoMarket;
				PRODUCT_NAME = "$(TARGET_NAME)";
				SWIFT_EMIT_LOC_STRINGS = YES;
				SWIFT_VERSION = 5.0;
				TARGETED_DEVICE_FAMILY = "1,2";
			};
			name = Debug;
		};
		EE32E2B42B45B1D300675EAE /* Release */ = {
			isa = XCBuildConfiguration;
			buildSettings = {
				ASSETCATALOG_COMPILER_APPICON_NAME = AppIcon;
				ASSETCATALOG_COMPILER_GLOBAL_ACCENT_COLOR_NAME = AccentColor;
				CODE_SIGN_STYLE = Automatic;
				CURRENT_PROJECT_VERSION = 1;
				DEVELOPMENT_TEAM = 4U8DMJ33ZN;
				GENERATE_INFOPLIST_FILE = YES;
				INFOPLIST_FILE = EcoMarket/Info.plist;
				INFOPLIST_KEY_CFBundleDisplayName = "Eco Market";
				INFOPLIST_KEY_LSApplicationCategoryType = "public.app-category.shopping";
				INFOPLIST_KEY_UIApplicationSupportsIndirectInputEvents = YES;
				INFOPLIST_KEY_UILaunchStoryboardName = LaunchScreen;
				INFOPLIST_KEY_UISupportedInterfaceOrientations_iPad = "UIInterfaceOrientationPortrait UIInterfaceOrientationPortraitUpsideDown UIInterfaceOrientationLandscapeLeft UIInterfaceOrientationLandscapeRight";
				INFOPLIST_KEY_UISupportedInterfaceOrientations_iPhone = "UIInterfaceOrientationPortrait UIInterfaceOrientationLandscapeLeft UIInterfaceOrientationLandscapeRight";
				LD_RUNPATH_SEARCH_PATHS = (
					"$(inherited)",
					"@executable_path/Frameworks",
				);
				MARKETING_VERSION = 1.0;
				PRODUCT_BUNDLE_IDENTIFIER = com.yamany.EcoMarket;
				PRODUCT_NAME = "$(TARGET_NAME)";
				SWIFT_EMIT_LOC_STRINGS = YES;
				SWIFT_VERSION = 5.0;
				TARGETED_DEVICE_FAMILY = "1,2";
			};
			name = Release;
		};
		EE32E2B62B45B1D300675EAE /* Debug */ = {
			isa = XCBuildConfiguration;
			buildSettings = {
				ALWAYS_EMBED_SWIFT_STANDARD_LIBRARIES = YES;
				BUNDLE_LOADER = "$(TEST_HOST)";
				CODE_SIGN_STYLE = Automatic;
				CURRENT_PROJECT_VERSION = 1;
				DEVELOPMENT_TEAM = 4U8DMJ33ZN;
				GENERATE_INFOPLIST_FILE = YES;
				IPHONEOS_DEPLOYMENT_TARGET = 17.0;
				MARKETING_VERSION = 1.0;
				PRODUCT_BUNDLE_IDENTIFIER = com.yamany.EcoMarketTests;
				PRODUCT_NAME = "$(TARGET_NAME)";
				SWIFT_EMIT_LOC_STRINGS = NO;
				SWIFT_VERSION = 5.0;
				TARGETED_DEVICE_FAMILY = "1,2";
				TEST_HOST = "$(BUILT_PRODUCTS_DIR)/EcoMarket.app/$(BUNDLE_EXECUTABLE_FOLDER_PATH)/EcoMarket";
			};
			name = Debug;
		};
		EE32E2B72B45B1D300675EAE /* Release */ = {
			isa = XCBuildConfiguration;
			buildSettings = {
				ALWAYS_EMBED_SWIFT_STANDARD_LIBRARIES = YES;
				BUNDLE_LOADER = "$(TEST_HOST)";
				CODE_SIGN_STYLE = Automatic;
				CURRENT_PROJECT_VERSION = 1;
				DEVELOPMENT_TEAM = 4U8DMJ33ZN;
				GENERATE_INFOPLIST_FILE = YES;
				IPHONEOS_DEPLOYMENT_TARGET = 17.0;
				MARKETING_VERSION = 1.0;
				PRODUCT_BUNDLE_IDENTIFIER = com.yamany.EcoMarketTests;
				PRODUCT_NAME = "$(TARGET_NAME)";
				SWIFT_EMIT_LOC_STRINGS = NO;
				SWIFT_VERSION = 5.0;
				TARGETED_DEVICE_FAMILY = "1,2";
				TEST_HOST = "$(BUILT_PRODUCTS_DIR)/EcoMarket.app/$(BUNDLE_EXECUTABLE_FOLDER_PATH)/EcoMarket";
			};
			name = Release;
		};
		EE32E2B92B45B1D300675EAE /* Debug */ = {
			isa = XCBuildConfiguration;
			buildSettings = {
				ALWAYS_EMBED_SWIFT_STANDARD_LIBRARIES = YES;
				CODE_SIGN_STYLE = Automatic;
				CURRENT_PROJECT_VERSION = 1;
				DEVELOPMENT_TEAM = 4U8DMJ33ZN;
				GENERATE_INFOPLIST_FILE = YES;
				MARKETING_VERSION = 1.0;
				PRODUCT_BUNDLE_IDENTIFIER = com.yamany.EcoMarketUITests;
				PRODUCT_NAME = "$(TARGET_NAME)";
				SWIFT_EMIT_LOC_STRINGS = NO;
				SWIFT_VERSION = 5.0;
				TARGETED_DEVICE_FAMILY = "1,2";
				TEST_TARGET_NAME = EcoMarket;
			};
			name = Debug;
		};
		EE32E2BA2B45B1D300675EAE /* Release */ = {
			isa = XCBuildConfiguration;
			buildSettings = {
				ALWAYS_EMBED_SWIFT_STANDARD_LIBRARIES = YES;
				CODE_SIGN_STYLE = Automatic;
				CURRENT_PROJECT_VERSION = 1;
				DEVELOPMENT_TEAM = 4U8DMJ33ZN;
				GENERATE_INFOPLIST_FILE = YES;
				MARKETING_VERSION = 1.0;
				PRODUCT_BUNDLE_IDENTIFIER = com.yamany.EcoMarketUITests;
				PRODUCT_NAME = "$(TARGET_NAME)";
				SWIFT_EMIT_LOC_STRINGS = NO;
				SWIFT_VERSION = 5.0;
				TARGETED_DEVICE_FAMILY = "1,2";
				TEST_TARGET_NAME = EcoMarket;
			};
			name = Release;
		};
/* End XCBuildConfiguration section */

/* Begin XCConfigurationList section */
		EE32E2832B45B1D100675EAE /* Build configuration list for PBXProject "EcoMarket" */ = {
			isa = XCConfigurationList;
			buildConfigurations = (
				EE32E2B02B45B1D300675EAE /* Debug */,
				EE32E2B12B45B1D300675EAE /* Release */,
			);
			defaultConfigurationIsVisible = 0;
			defaultConfigurationName = Release;
		};
		EE32E2B22B45B1D300675EAE /* Build configuration list for PBXNativeTarget "EcoMarket" */ = {
			isa = XCConfigurationList;
			buildConfigurations = (
				EE32E2B32B45B1D300675EAE /* Debug */,
				EE32E2B42B45B1D300675EAE /* Release */,
			);
			defaultConfigurationIsVisible = 0;
			defaultConfigurationName = Release;
		};
		EE32E2B52B45B1D300675EAE /* Build configuration list for PBXNativeTarget "EcoMarketTests" */ = {
			isa = XCConfigurationList;
			buildConfigurations = (
				EE32E2B62B45B1D300675EAE /* Debug */,
				EE32E2B72B45B1D300675EAE /* Release */,
			);
			defaultConfigurationIsVisible = 0;
			defaultConfigurationName = Release;
		};
		EE32E2B82B45B1D300675EAE /* Build configuration list for PBXNativeTarget "EcoMarketUITests" */ = {
			isa = XCConfigurationList;
			buildConfigurations = (
				EE32E2B92B45B1D300675EAE /* Debug */,
				EE32E2BA2B45B1D300675EAE /* Release */,
			);
			defaultConfigurationIsVisible = 0;
			defaultConfigurationName = Release;
		};
/* End XCConfigurationList section */
	};
	rootObject = EE32E2802B45B1D100675EAE /* Project object */;
}
